// !$*UTF8*$!
{
	archiveVersion = 1;
	classes = {
	};
	objectVersion = 46;
	objects = {

/* Begin PBXBuildFile section */
		250560791AF8F96D006804AA /* CRTOEventService.h in Headers */ = {isa = PBXBuildFile; fileRef = 250560771AF8F96D006804AA /* CRTOEventService.h */; settings = {ATTRIBUTES = (Public, ); }; };
		2505607A1AF8F96D006804AA /* CRTOEventService.m in Sources */ = {isa = PBXBuildFile; fileRef = 250560781AF8F96D006804AA /* CRTOEventService.m */; };
		2505607B1AF8F96D006804AA /* CRTOEventService.m in Sources */ = {isa = PBXBuildFile; fileRef = 250560781AF8F96D006804AA /* CRTOEventService.m */; };
		2505607F1AF9156F006804AA /* CRTOJSONEventSerializer.h in Headers */ = {isa = PBXBuildFile; fileRef = 2505607D1AF9156F006804AA /* CRTOJSONEventSerializer.h */; };
		250560801AF9156F006804AA /* CRTOJSONEventSerializer.m in Sources */ = {isa = PBXBuildFile; fileRef = 2505607E1AF9156F006804AA /* CRTOJSONEventSerializer.m */; };
		250560811AF9156F006804AA /* CRTOJSONEventSerializer.m in Sources */ = {isa = PBXBuildFile; fileRef = 2505607E1AF9156F006804AA /* CRTOJSONEventSerializer.m */; };
		2506B7581B0DDF050091D5F8 /* CRTOAppInfoTests.m in Sources */ = {isa = PBXBuildFile; fileRef = 2506B7571B0DDF050091D5F8 /* CRTOAppInfoTests.m */; };
		251004971AF9216D00701F7F /* CRTODataEvent.h in Headers */ = {isa = PBXBuildFile; fileRef = 251004951AF9216D00701F7F /* CRTODataEvent.h */; settings = {ATTRIBUTES = (Public, ); }; };
		251004981AF9216D00701F7F /* CRTODataEvent.m in Sources */ = {isa = PBXBuildFile; fileRef = 251004961AF9216D00701F7F /* CRTODataEvent.m */; };
		251004991AF9216D00701F7F /* CRTODataEvent.m in Sources */ = {isa = PBXBuildFile; fileRef = 251004961AF9216D00701F7F /* CRTODataEvent.m */; };
		25103EF21B1F5256009B5D24 /* CRTODateFormatter.h in Headers */ = {isa = PBXBuildFile; fileRef = 25103EF01B1F5256009B5D24 /* CRTODateFormatter.h */; };
		25103EF31B1F5256009B5D24 /* CRTODateFormatter.m in Sources */ = {isa = PBXBuildFile; fileRef = 25103EF11B1F5256009B5D24 /* CRTODateFormatter.m */; };
		25103EF61B1F58B6009B5D24 /* CRTODateFormatterTests.m in Sources */ = {isa = PBXBuildFile; fileRef = 25103EF51B1F58B6009B5D24 /* CRTODateFormatterTests.m */; };
		252D17941B0E5FF000DB6D91 /* CRTOExtraData.h in Headers */ = {isa = PBXBuildFile; fileRef = 252D17921B0E5FF000DB6D91 /* CRTOExtraData.h */; };
		252D17951B0E5FF000DB6D91 /* CRTOExtraData.m in Sources */ = {isa = PBXBuildFile; fileRef = 252D17931B0E5FF000DB6D91 /* CRTOExtraData.m */; };
		252D17961B0E5FF000DB6D91 /* CRTOExtraData.m in Sources */ = {isa = PBXBuildFile; fileRef = 252D17931B0E5FF000DB6D91 /* CRTOExtraData.m */; };
		253BA7261B13803300113FBF /* CRTOEventQueue.h in Headers */ = {isa = PBXBuildFile; fileRef = 253BA7241B13803300113FBF /* CRTOEventQueue.h */; };
		253BA7271B13803300113FBF /* CRTOEventQueue.m in Sources */ = {isa = PBXBuildFile; fileRef = 253BA7251B13803300113FBF /* CRTOEventQueue.m */; };
		253BA7281B13803300113FBF /* CRTOEventQueue.m in Sources */ = {isa = PBXBuildFile; fileRef = 253BA7251B13803300113FBF /* CRTOEventQueue.m */; };
		253BA72B1B13804100113FBF /* CRTOEventQueueItem.h in Headers */ = {isa = PBXBuildFile; fileRef = 253BA7291B13804100113FBF /* CRTOEventQueueItem.h */; };
		253BA72C1B13804100113FBF /* CRTOEventQueueItem.m in Sources */ = {isa = PBXBuildFile; fileRef = 253BA72A1B13804100113FBF /* CRTOEventQueueItem.m */; };
		253BA72D1B13804100113FBF /* CRTOEventQueueItem.m in Sources */ = {isa = PBXBuildFile; fileRef = 253BA72A1B13804100113FBF /* CRTOEventQueueItem.m */; };
		255A94ED1B0CCB31009F5C06 /* CRTODeviceInfo.h in Headers */ = {isa = PBXBuildFile; fileRef = 255A94EB1B0CCB31009F5C06 /* CRTODeviceInfo.h */; };
		255A94EE1B0CCB31009F5C06 /* CRTODeviceInfo.m in Sources */ = {isa = PBXBuildFile; fileRef = 255A94EC1B0CCB31009F5C06 /* CRTODeviceInfo.m */; };
		255A94EF1B0CCB31009F5C06 /* CRTODeviceInfo.m in Sources */ = {isa = PBXBuildFile; fileRef = 255A94EC1B0CCB31009F5C06 /* CRTODeviceInfo.m */; };
		255A94F21B0CE5AE009F5C06 /* CRTOAppInfo.h in Headers */ = {isa = PBXBuildFile; fileRef = 255A94F01B0CE5AE009F5C06 /* CRTOAppInfo.h */; };
		255A94F31B0CE5AE009F5C06 /* CRTOAppInfo.m in Sources */ = {isa = PBXBuildFile; fileRef = 255A94F11B0CE5AE009F5C06 /* CRTOAppInfo.m */; };
		255A94F41B0CE5AE009F5C06 /* CRTOAppInfo.m in Sources */ = {isa = PBXBuildFile; fileRef = 255A94F11B0CE5AE009F5C06 /* CRTOAppInfo.m */; };
		255A94F71B0CE88E009F5C06 /* CRTOSDKInfo.h in Headers */ = {isa = PBXBuildFile; fileRef = 255A94F51B0CE88E009F5C06 /* CRTOSDKInfo.h */; };
		255A94F81B0CE88E009F5C06 /* CRTOSDKInfo.m in Sources */ = {isa = PBXBuildFile; fileRef = 255A94F61B0CE88E009F5C06 /* CRTOSDKInfo.m */; };
		255A94F91B0CE88E009F5C06 /* CRTOSDKInfo.m in Sources */ = {isa = PBXBuildFile; fileRef = 255A94F61B0CE88E009F5C06 /* CRTOSDKInfo.m */; };
		255D0C581B171EE5001634BE /* CriteoAdvertiser.h in Headers */ = {isa = PBXBuildFile; fileRef = 255D0C2F1B171C98001634BE /* CriteoAdvertiser.h */; settings = {ATTRIBUTES = (Public, ); }; };
		258CDC161AF757D0009E678E /* CriteoAdvertiser.framework in Frameworks */ = {isa = PBXBuildFile; fileRef = 258CDC0A1AF757D0009E678E /* CriteoAdvertiser.framework */; };
		258CDC1D1AF757D0009E678E /* advertiser_sdkTests.m in Sources */ = {isa = PBXBuildFile; fileRef = 258CDC1C1AF757D0009E678E /* advertiser_sdkTests.m */; };
		258CDC291AF76EA5009E678E /* CRTOEvent.h in Headers */ = {isa = PBXBuildFile; fileRef = 258CDC271AF76EA5009E678E /* CRTOEvent.h */; settings = {ATTRIBUTES = (Public, ); }; };
		258CDC2A1AF76EA5009E678E /* CRTOEvent.m in Sources */ = {isa = PBXBuildFile; fileRef = 258CDC281AF76EA5009E678E /* CRTOEvent.m */; };
		258CDC2B1AF76EA5009E678E /* CRTOEvent.m in Sources */ = {isa = PBXBuildFile; fileRef = 258CDC281AF76EA5009E678E /* CRTOEvent.m */; };
		259202201B3AF1D800BC8125 /* CRTOEventQueueTests.m in Sources */ = {isa = PBXBuildFile; fileRef = 2592021F1B3AF1D800BC8125 /* CRTOEventQueueTests.m */; };
		259202231B3C4D9E00BC8125 /* CRTOEventServiceTests.m in Sources */ = {isa = PBXBuildFile; fileRef = 259202221B3C4D9E00BC8125 /* CRTOEventServiceTests.m */; };
		259AA5FD1AF7C8F9006743A5 /* CRTOAppLaunchEvent.h in Headers */ = {isa = PBXBuildFile; fileRef = 259AA5FB1AF7C8F9006743A5 /* CRTOAppLaunchEvent.h */; settings = {ATTRIBUTES = (Public, ); }; };
		259AA5FE1AF7C8F9006743A5 /* CRTOAppLaunchEvent.m in Sources */ = {isa = PBXBuildFile; fileRef = 259AA5FC1AF7C8F9006743A5 /* CRTOAppLaunchEvent.m */; };
		259AA5FF1AF7C8F9006743A5 /* CRTOAppLaunchEvent.m in Sources */ = {isa = PBXBuildFile; fileRef = 259AA5FC1AF7C8F9006743A5 /* CRTOAppLaunchEvent.m */; };
		259AA6021AF7CBB5006743A5 /* CRTOHomeViewEvent.h in Headers */ = {isa = PBXBuildFile; fileRef = 259AA6001AF7CBB5006743A5 /* CRTOHomeViewEvent.h */; settings = {ATTRIBUTES = (Public, ); }; };
		259AA6031AF7CBB5006743A5 /* CRTOHomeViewEvent.m in Sources */ = {isa = PBXBuildFile; fileRef = 259AA6011AF7CBB5006743A5 /* CRTOHomeViewEvent.m */; };
		259AA6041AF7CBB5006743A5 /* CRTOHomeViewEvent.m in Sources */ = {isa = PBXBuildFile; fileRef = 259AA6011AF7CBB5006743A5 /* CRTOHomeViewEvent.m */; };
		259AA6071AF7DEED006743A5 /* CRTOProductListViewEvent.h in Headers */ = {isa = PBXBuildFile; fileRef = 259AA6051AF7DEED006743A5 /* CRTOProductListViewEvent.h */; settings = {ATTRIBUTES = (Public, ); }; };
		259AA6081AF7DEED006743A5 /* CRTOProductListViewEvent.m in Sources */ = {isa = PBXBuildFile; fileRef = 259AA6061AF7DEED006743A5 /* CRTOProductListViewEvent.m */; };
		259AA6091AF7DEED006743A5 /* CRTOProductListViewEvent.m in Sources */ = {isa = PBXBuildFile; fileRef = 259AA6061AF7DEED006743A5 /* CRTOProductListViewEvent.m */; };
		259AA60C1AF7DF11006743A5 /* CRTOProductViewEvent.h in Headers */ = {isa = PBXBuildFile; fileRef = 259AA60A1AF7DF11006743A5 /* CRTOProductViewEvent.h */; settings = {ATTRIBUTES = (Public, ); }; };
		259AA60D1AF7DF11006743A5 /* CRTOProductViewEvent.m in Sources */ = {isa = PBXBuildFile; fileRef = 259AA60B1AF7DF11006743A5 /* CRTOProductViewEvent.m */; };
		259AA60E1AF7DF11006743A5 /* CRTOProductViewEvent.m in Sources */ = {isa = PBXBuildFile; fileRef = 259AA60B1AF7DF11006743A5 /* CRTOProductViewEvent.m */; };
		259AA6111AF7DF48006743A5 /* CRTOTransactionConfirmationEvent.h in Headers */ = {isa = PBXBuildFile; fileRef = 259AA60F1AF7DF48006743A5 /* CRTOTransactionConfirmationEvent.h */; settings = {ATTRIBUTES = (Public, ); }; };
		259AA6121AF7DF48006743A5 /* CRTOTransactionConfirmationEvent.m in Sources */ = {isa = PBXBuildFile; fileRef = 259AA6101AF7DF48006743A5 /* CRTOTransactionConfirmationEvent.m */; };
		259AA6131AF7DF48006743A5 /* CRTOTransactionConfirmationEvent.m in Sources */ = {isa = PBXBuildFile; fileRef = 259AA6101AF7DF48006743A5 /* CRTOTransactionConfirmationEvent.m */; };
		259AA61C1AF7E06A006743A5 /* CRTOProduct.h in Headers */ = {isa = PBXBuildFile; fileRef = 259AA61A1AF7E06A006743A5 /* CRTOProduct.h */; settings = {ATTRIBUTES = (Public, ); }; };
		259AA61D1AF7E06A006743A5 /* CRTOProduct.m in Sources */ = {isa = PBXBuildFile; fileRef = 259AA61B1AF7E06A006743A5 /* CRTOProduct.m */; };
		259AA61E1AF7E06A006743A5 /* CRTOProduct.m in Sources */ = {isa = PBXBuildFile; fileRef = 259AA61B1AF7E06A006743A5 /* CRTOProduct.m */; };
		259AA6211AF7E081006743A5 /* CRTOBasketProduct.h in Headers */ = {isa = PBXBuildFile; fileRef = 259AA61F1AF7E081006743A5 /* CRTOBasketProduct.h */; settings = {ATTRIBUTES = (Public, ); }; };
		259AA6221AF7E081006743A5 /* CRTOBasketProduct.m in Sources */ = {isa = PBXBuildFile; fileRef = 259AA6201AF7E081006743A5 /* CRTOBasketProduct.m */; };
		259AA6231AF7E081006743A5 /* CRTOBasketProduct.m in Sources */ = {isa = PBXBuildFile; fileRef = 259AA6201AF7E081006743A5 /* CRTOBasketProduct.m */; };
		259AA6261AF8A5CB006743A5 /* CRTOBasketViewEvent.h in Headers */ = {isa = PBXBuildFile; fileRef = 259AA6241AF8A5CB006743A5 /* CRTOBasketViewEvent.h */; settings = {ATTRIBUTES = (Public, ); }; };
		259AA6271AF8A5CB006743A5 /* CRTOBasketViewEvent.m in Sources */ = {isa = PBXBuildFile; fileRef = 259AA6251AF8A5CB006743A5 /* CRTOBasketViewEvent.m */; };
		259AA6281AF8A5CB006743A5 /* CRTOBasketViewEvent.m in Sources */ = {isa = PBXBuildFile; fileRef = 259AA6251AF8A5CB006743A5 /* CRTOBasketViewEvent.m */; };
		25A1ABAC1B1CAEA00086EA4F /* CRTOAppLaunchEventTests.m in Sources */ = {isa = PBXBuildFile; fileRef = 25A1ABAB1B1CAEA00086EA4F /* CRTOAppLaunchEventTests.m */; };
		25CF74001B0DFEE1001A023A /* CRTODeviceInfoTests.m in Sources */ = {isa = PBXBuildFile; fileRef = 25CF73FF1B0DFEE1001A023A /* CRTODeviceInfoTests.m */; };
		25CF74021B0E00FD001A023A /* CRTOSDKInfoTests.m in Sources */ = {isa = PBXBuildFile; fileRef = 25CF74011B0E00FD001A023A /* CRTOSDKInfoTests.m */; };
		25CF740F1B0E19E4001A023A /* CRTOJSONConstants.h in Headers */ = {isa = PBXBuildFile; fileRef = 25CF740D1B0E19E4001A023A /* CRTOJSONConstants.h */; };
		25CF74101B0E19E4001A023A /* CRTOJSONConstants.m in Sources */ = {isa = PBXBuildFile; fileRef = 25CF740E1B0E19E4001A023A /* CRTOJSONConstants.m */; };
		25CF74111B0E19E4001A023A /* CRTOJSONConstants.m in Sources */ = {isa = PBXBuildFile; fileRef = 25CF740E1B0E19E4001A023A /* CRTOJSONConstants.m */; };
		E83F25F050676E0956B3D182 /* libPods.a in Frameworks */ = {isa = PBXBuildFile; fileRef = 94DB731A744361F6E84CEFFA /* libPods.a */; };
/* End PBXBuildFile section */

/* Begin PBXContainerItemProxy section */
		258CDC171AF757D0009E678E /* PBXContainerItemProxy */ = {
			isa = PBXContainerItemProxy;
			containerPortal = 258CDC011AF757D0009E678E /* Project object */;
			proxyType = 1;
			remoteGlobalIDString = 258CDC091AF757D0009E678E;
			remoteInfo = "advertiser-sdk";
		};
/* End PBXContainerItemProxy section */

/* Begin PBXFileReference section */
		250240731B06512100002E27 /* CRTOEvent+Internal.h */ = {isa = PBXFileReference; lastKnownFileType = sourcecode.c.h; path = "CRTOEvent+Internal.h"; sourceTree = "<group>"; };
		250240741B065C7200002E27 /* CRTOTransactionConfirmationEvent+Internal.h */ = {isa = PBXFileReference; lastKnownFileType = sourcecode.c.h; path = "CRTOTransactionConfirmationEvent+Internal.h"; sourceTree = "<group>"; };
		250240751B065CE000002E27 /* CRTOProductViewEvent+Internal.h */ = {isa = PBXFileReference; lastKnownFileType = sourcecode.c.h; path = "CRTOProductViewEvent+Internal.h"; sourceTree = "<group>"; };
		250240761B065D4C00002E27 /* CRTOProductListViewEvent+Internal.h */ = {isa = PBXFileReference; lastKnownFileType = sourcecode.c.h; path = "CRTOProductListViewEvent+Internal.h"; sourceTree = "<group>"; };
		250240771B065DBA00002E27 /* CRTOBasketViewEvent+Internal.h */ = {isa = PBXFileReference; lastKnownFileType = sourcecode.c.h; path = "CRTOBasketViewEvent+Internal.h"; sourceTree = "<group>"; };
		250240781B065DF400002E27 /* CRTODataEvent+Internal.h */ = {isa = PBXFileReference; lastKnownFileType = sourcecode.c.h; path = "CRTODataEvent+Internal.h"; sourceTree = "<group>"; };
		250240791B065E4F00002E27 /* CRTOHomeViewEvent+Internal.h */ = {isa = PBXFileReference; lastKnownFileType = sourcecode.c.h; path = "CRTOHomeViewEvent+Internal.h"; sourceTree = "<group>"; };
		2502407A1B065EEF00002E27 /* CRTOAppLaunchEvent+Internal.h */ = {isa = PBXFileReference; lastKnownFileType = sourcecode.c.h; path = "CRTOAppLaunchEvent+Internal.h"; sourceTree = "<group>"; };
		250560771AF8F96D006804AA /* CRTOEventService.h */ = {isa = PBXFileReference; fileEncoding = 4; lastKnownFileType = sourcecode.c.h; path = CRTOEventService.h; sourceTree = "<group>"; };
		250560781AF8F96D006804AA /* CRTOEventService.m */ = {isa = PBXFileReference; fileEncoding = 4; lastKnownFileType = sourcecode.c.objc; path = CRTOEventService.m; sourceTree = "<group>"; };
		2505607D1AF9156F006804AA /* CRTOJSONEventSerializer.h */ = {isa = PBXFileReference; fileEncoding = 4; lastKnownFileType = sourcecode.c.h; path = CRTOJSONEventSerializer.h; sourceTree = "<group>"; };
		2505607E1AF9156F006804AA /* CRTOJSONEventSerializer.m */ = {isa = PBXFileReference; fileEncoding = 4; lastKnownFileType = sourcecode.c.objc; path = CRTOJSONEventSerializer.m; sourceTree = "<group>"; };
		2506B7571B0DDF050091D5F8 /* CRTOAppInfoTests.m */ = {isa = PBXFileReference; fileEncoding = 4; lastKnownFileType = sourcecode.c.objc; path = CRTOAppInfoTests.m; sourceTree = "<group>"; };
		251004951AF9216D00701F7F /* CRTODataEvent.h */ = {isa = PBXFileReference; fileEncoding = 4; lastKnownFileType = sourcecode.c.h; path = CRTODataEvent.h; sourceTree = "<group>"; };
		251004961AF9216D00701F7F /* CRTODataEvent.m */ = {isa = PBXFileReference; fileEncoding = 4; lastKnownFileType = sourcecode.c.objc; path = CRTODataEvent.m; sourceTree = "<group>"; };
		25103EF01B1F5256009B5D24 /* CRTODateFormatter.h */ = {isa = PBXFileReference; fileEncoding = 4; lastKnownFileType = sourcecode.c.h; path = CRTODateFormatter.h; sourceTree = "<group>"; };
		25103EF11B1F5256009B5D24 /* CRTODateFormatter.m */ = {isa = PBXFileReference; fileEncoding = 4; lastKnownFileType = sourcecode.c.objc; path = CRTODateFormatter.m; sourceTree = "<group>"; };
		25103EF51B1F58B6009B5D24 /* CRTODateFormatterTests.m */ = {isa = PBXFileReference; fileEncoding = 4; lastKnownFileType = sourcecode.c.objc; path = CRTODateFormatterTests.m; sourceTree = "<group>"; };
		252D17921B0E5FF000DB6D91 /* CRTOExtraData.h */ = {isa = PBXFileReference; fileEncoding = 4; lastKnownFileType = sourcecode.c.h; path = CRTOExtraData.h; sourceTree = "<group>"; };
		252D17931B0E5FF000DB6D91 /* CRTOExtraData.m */ = {isa = PBXFileReference; fileEncoding = 4; lastKnownFileType = sourcecode.c.objc; path = CRTOExtraData.m; sourceTree = "<group>"; };
		253BA7241B13803300113FBF /* CRTOEventQueue.h */ = {isa = PBXFileReference; fileEncoding = 4; lastKnownFileType = sourcecode.c.h; path = CRTOEventQueue.h; sourceTree = "<group>"; };
		253BA7251B13803300113FBF /* CRTOEventQueue.m */ = {isa = PBXFileReference; fileEncoding = 4; lastKnownFileType = sourcecode.c.objc; path = CRTOEventQueue.m; sourceTree = "<group>"; };
		253BA7291B13804100113FBF /* CRTOEventQueueItem.h */ = {isa = PBXFileReference; fileEncoding = 4; lastKnownFileType = sourcecode.c.h; path = CRTOEventQueueItem.h; sourceTree = "<group>"; };
		253BA72A1B13804100113FBF /* CRTOEventQueueItem.m */ = {isa = PBXFileReference; fileEncoding = 4; lastKnownFileType = sourcecode.c.objc; path = CRTOEventQueueItem.m; sourceTree = "<group>"; };
		255A94EB1B0CCB31009F5C06 /* CRTODeviceInfo.h */ = {isa = PBXFileReference; fileEncoding = 4; lastKnownFileType = sourcecode.c.h; path = CRTODeviceInfo.h; sourceTree = "<group>"; };
		255A94EC1B0CCB31009F5C06 /* CRTODeviceInfo.m */ = {isa = PBXFileReference; fileEncoding = 4; lastKnownFileType = sourcecode.c.objc; path = CRTODeviceInfo.m; sourceTree = "<group>"; };
		255A94F01B0CE5AE009F5C06 /* CRTOAppInfo.h */ = {isa = PBXFileReference; fileEncoding = 4; lastKnownFileType = sourcecode.c.h; path = CRTOAppInfo.h; sourceTree = "<group>"; };
		255A94F11B0CE5AE009F5C06 /* CRTOAppInfo.m */ = {isa = PBXFileReference; fileEncoding = 4; lastKnownFileType = sourcecode.c.objc; path = CRTOAppInfo.m; sourceTree = "<group>"; };
		255A94F51B0CE88E009F5C06 /* CRTOSDKInfo.h */ = {isa = PBXFileReference; fileEncoding = 4; lastKnownFileType = sourcecode.c.h; path = CRTOSDKInfo.h; sourceTree = "<group>"; };
		255A94F61B0CE88E009F5C06 /* CRTOSDKInfo.m */ = {isa = PBXFileReference; fileEncoding = 4; lastKnownFileType = sourcecode.c.objc; path = CRTOSDKInfo.m; sourceTree = "<group>"; };
		255B925A1B0A040200F46E8F /* CRTOEventService+Internal.h */ = {isa = PBXFileReference; lastKnownFileType = sourcecode.c.h; path = "CRTOEventService+Internal.h"; sourceTree = "<group>"; };
		255D0C2F1B171C98001634BE /* CriteoAdvertiser.h */ = {isa = PBXFileReference; lastKnownFileType = sourcecode.c.h; path = CriteoAdvertiser.h; sourceTree = "<group>"; };
		258CDC0A1AF757D0009E678E /* CriteoAdvertiser.framework */ = {isa = PBXFileReference; explicitFileType = wrapper.framework; includeInIndex = 0; path = CriteoAdvertiser.framework; sourceTree = BUILT_PRODUCTS_DIR; };
		258CDC0E1AF757D0009E678E /* Info.plist */ = {isa = PBXFileReference; lastKnownFileType = text.plist.xml; path = Info.plist; sourceTree = "<group>"; };
		258CDC151AF757D0009E678E /* advertiser-sdkTests.xctest */ = {isa = PBXFileReference; explicitFileType = wrapper.cfbundle; includeInIndex = 0; path = "advertiser-sdkTests.xctest"; sourceTree = BUILT_PRODUCTS_DIR; };
		258CDC1B1AF757D0009E678E /* Info.plist */ = {isa = PBXFileReference; lastKnownFileType = text.plist.xml; path = Info.plist; sourceTree = "<group>"; };
		258CDC1C1AF757D0009E678E /* advertiser_sdkTests.m */ = {isa = PBXFileReference; lastKnownFileType = sourcecode.c.objc; path = advertiser_sdkTests.m; sourceTree = "<group>"; };
		258CDC271AF76EA5009E678E /* CRTOEvent.h */ = {isa = PBXFileReference; fileEncoding = 4; lastKnownFileType = sourcecode.c.h; path = CRTOEvent.h; sourceTree = "<group>"; };
		258CDC281AF76EA5009E678E /* CRTOEvent.m */ = {isa = PBXFileReference; fileEncoding = 4; lastKnownFileType = sourcecode.c.objc; path = CRTOEvent.m; sourceTree = "<group>"; };
		2592021F1B3AF1D800BC8125 /* CRTOEventQueueTests.m */ = {isa = PBXFileReference; fileEncoding = 4; lastKnownFileType = sourcecode.c.objc; path = CRTOEventQueueTests.m; sourceTree = "<group>"; };
		259202221B3C4D9E00BC8125 /* CRTOEventServiceTests.m */ = {isa = PBXFileReference; fileEncoding = 4; lastKnownFileType = sourcecode.c.objc; path = CRTOEventServiceTests.m; sourceTree = "<group>"; };
		259AA5FB1AF7C8F9006743A5 /* CRTOAppLaunchEvent.h */ = {isa = PBXFileReference; fileEncoding = 4; lastKnownFileType = sourcecode.c.h; path = CRTOAppLaunchEvent.h; sourceTree = "<group>"; };
		259AA5FC1AF7C8F9006743A5 /* CRTOAppLaunchEvent.m */ = {isa = PBXFileReference; fileEncoding = 4; lastKnownFileType = sourcecode.c.objc; path = CRTOAppLaunchEvent.m; sourceTree = "<group>"; };
		259AA6001AF7CBB5006743A5 /* CRTOHomeViewEvent.h */ = {isa = PBXFileReference; fileEncoding = 4; lastKnownFileType = sourcecode.c.h; path = CRTOHomeViewEvent.h; sourceTree = "<group>"; };
		259AA6011AF7CBB5006743A5 /* CRTOHomeViewEvent.m */ = {isa = PBXFileReference; fileEncoding = 4; lastKnownFileType = sourcecode.c.objc; path = CRTOHomeViewEvent.m; sourceTree = "<group>"; };
		259AA6051AF7DEED006743A5 /* CRTOProductListViewEvent.h */ = {isa = PBXFileReference; fileEncoding = 4; lastKnownFileType = sourcecode.c.h; path = CRTOProductListViewEvent.h; sourceTree = "<group>"; };
		259AA6061AF7DEED006743A5 /* CRTOProductListViewEvent.m */ = {isa = PBXFileReference; fileEncoding = 4; lastKnownFileType = sourcecode.c.objc; path = CRTOProductListViewEvent.m; sourceTree = "<group>"; };
		259AA60A1AF7DF11006743A5 /* CRTOProductViewEvent.h */ = {isa = PBXFileReference; fileEncoding = 4; lastKnownFileType = sourcecode.c.h; path = CRTOProductViewEvent.h; sourceTree = "<group>"; };
		259AA60B1AF7DF11006743A5 /* CRTOProductViewEvent.m */ = {isa = PBXFileReference; fileEncoding = 4; lastKnownFileType = sourcecode.c.objc; path = CRTOProductViewEvent.m; sourceTree = "<group>"; };
		259AA60F1AF7DF48006743A5 /* CRTOTransactionConfirmationEvent.h */ = {isa = PBXFileReference; fileEncoding = 4; lastKnownFileType = sourcecode.c.h; path = CRTOTransactionConfirmationEvent.h; sourceTree = "<group>"; };
		259AA6101AF7DF48006743A5 /* CRTOTransactionConfirmationEvent.m */ = {isa = PBXFileReference; fileEncoding = 4; lastKnownFileType = sourcecode.c.objc; path = CRTOTransactionConfirmationEvent.m; sourceTree = "<group>"; };
		259AA61A1AF7E06A006743A5 /* CRTOProduct.h */ = {isa = PBXFileReference; fileEncoding = 4; lastKnownFileType = sourcecode.c.h; path = CRTOProduct.h; sourceTree = "<group>"; };
		259AA61B1AF7E06A006743A5 /* CRTOProduct.m */ = {isa = PBXFileReference; fileEncoding = 4; lastKnownFileType = sourcecode.c.objc; path = CRTOProduct.m; sourceTree = "<group>"; };
		259AA61F1AF7E081006743A5 /* CRTOBasketProduct.h */ = {isa = PBXFileReference; fileEncoding = 4; lastKnownFileType = sourcecode.c.h; path = CRTOBasketProduct.h; sourceTree = "<group>"; };
		259AA6201AF7E081006743A5 /* CRTOBasketProduct.m */ = {isa = PBXFileReference; fileEncoding = 4; lastKnownFileType = sourcecode.c.objc; path = CRTOBasketProduct.m; sourceTree = "<group>"; };
		259AA6241AF8A5CB006743A5 /* CRTOBasketViewEvent.h */ = {isa = PBXFileReference; fileEncoding = 4; lastKnownFileType = sourcecode.c.h; path = CRTOBasketViewEvent.h; sourceTree = "<group>"; };
		259AA6251AF8A5CB006743A5 /* CRTOBasketViewEvent.m */ = {isa = PBXFileReference; fileEncoding = 4; lastKnownFileType = sourcecode.c.objc; path = CRTOBasketViewEvent.m; sourceTree = "<group>"; };
		25A1ABAB1B1CAEA00086EA4F /* CRTOAppLaunchEventTests.m */ = {isa = PBXFileReference; fileEncoding = 4; lastKnownFileType = sourcecode.c.objc; path = CRTOAppLaunchEventTests.m; sourceTree = "<group>"; };
		25CF73FF1B0DFEE1001A023A /* CRTODeviceInfoTests.m */ = {isa = PBXFileReference; fileEncoding = 4; lastKnownFileType = sourcecode.c.objc; path = CRTODeviceInfoTests.m; sourceTree = "<group>"; };
		25CF74011B0E00FD001A023A /* CRTOSDKInfoTests.m */ = {isa = PBXFileReference; fileEncoding = 4; lastKnownFileType = sourcecode.c.objc; path = CRTOSDKInfoTests.m; sourceTree = "<group>"; };
		25CF740D1B0E19E4001A023A /* CRTOJSONConstants.h */ = {isa = PBXFileReference; fileEncoding = 4; lastKnownFileType = sourcecode.c.h; path = CRTOJSONConstants.h; sourceTree = "<group>"; };
		25CF740E1B0E19E4001A023A /* CRTOJSONConstants.m */ = {isa = PBXFileReference; fileEncoding = 4; lastKnownFileType = sourcecode.c.objc; path = CRTOJSONConstants.m; sourceTree = "<group>"; };
		94DB731A744361F6E84CEFFA /* libPods.a */ = {isa = PBXFileReference; explicitFileType = archive.ar; includeInIndex = 0; path = libPods.a; sourceTree = BUILT_PRODUCTS_DIR; };
		D12C1656A6A625A683C5ED96 /* Pods.debug.xcconfig */ = {isa = PBXFileReference; includeInIndex = 1; lastKnownFileType = text.xcconfig; name = Pods.debug.xcconfig; path = "../Pods/Target Support Files/Pods/Pods.debug.xcconfig"; sourceTree = "<group>"; };
		F95E2679C5EF1628DBA7B40C /* Pods.release.xcconfig */ = {isa = PBXFileReference; includeInIndex = 1; lastKnownFileType = text.xcconfig; name = Pods.release.xcconfig; path = "../Pods/Target Support Files/Pods/Pods.release.xcconfig"; sourceTree = "<group>"; };
/* End PBXFileReference section */

/* Begin PBXFrameworksBuildPhase section */
		258CDC061AF757D0009E678E /* Frameworks */ = {
			isa = PBXFrameworksBuildPhase;
			buildActionMask = 2147483647;
			files = (
			);
			runOnlyForDeploymentPostprocessing = 0;
		};
		258CDC121AF757D0009E678E /* Frameworks */ = {
			isa = PBXFrameworksBuildPhase;
			buildActionMask = 2147483647;
			files = (
				258CDC161AF757D0009E678E /* CriteoAdvertiser.framework in Frameworks */,
				E83F25F050676E0956B3D182 /* libPods.a in Frameworks */,
			);
			runOnlyForDeploymentPostprocessing = 0;
		};
/* End PBXFrameworksBuildPhase section */

/* Begin PBXGroup section */
		250560761AF8F952006804AA /* service */ = {
			isa = PBXGroup;
			children = (
				250560771AF8F96D006804AA /* CRTOEventService.h */,
				255B925A1B0A040200F46E8F /* CRTOEventService+Internal.h */,
				250560781AF8F96D006804AA /* CRTOEventService.m */,
			);
			path = service;
			sourceTree = "<group>";
		};
		2505607C1AF91550006804AA /* serializer */ = {
			isa = PBXGroup;
			children = (
				25103EF01B1F5256009B5D24 /* CRTODateFormatter.h */,
				25103EF11B1F5256009B5D24 /* CRTODateFormatter.m */,
				25CF740D1B0E19E4001A023A /* CRTOJSONConstants.h */,
				25CF740E1B0E19E4001A023A /* CRTOJSONConstants.m */,
				2505607D1AF9156F006804AA /* CRTOJSONEventSerializer.h */,
				2505607E1AF9156F006804AA /* CRTOJSONEventSerializer.m */,
			);
			path = serializer;
			sourceTree = "<group>";
		};
		2506B7561B0DDEC60091D5F8 /* util */ = {
			isa = PBXGroup;
			children = (
				2506B7571B0DDF050091D5F8 /* CRTOAppInfoTests.m */,
				25CF73FF1B0DFEE1001A023A /* CRTODeviceInfoTests.m */,
				25CF74011B0E00FD001A023A /* CRTOSDKInfoTests.m */,
			);
			path = util;
			sourceTree = "<group>";
		};
		25103EF41B1F589A009B5D24 /* serializer */ = {
			isa = PBXGroup;
			children = (
				25103EF51B1F58B6009B5D24 /* CRTODateFormatterTests.m */,
			);
			path = serializer;
			sourceTree = "<group>";
		};
		253BA7231B13801600113FBF /* network */ = {
			isa = PBXGroup;
			children = (
				253BA7241B13803300113FBF /* CRTOEventQueue.h */,
				253BA7251B13803300113FBF /* CRTOEventQueue.m */,
				253BA7291B13804100113FBF /* CRTOEventQueueItem.h */,
				253BA72A1B13804100113FBF /* CRTOEventQueueItem.m */,
			);
			path = network;
			sourceTree = "<group>";
		};
		255A94EA1B0CCB04009F5C06 /* util */ = {
			isa = PBXGroup;
			children = (
				255A94F01B0CE5AE009F5C06 /* CRTOAppInfo.h */,
				255A94F11B0CE5AE009F5C06 /* CRTOAppInfo.m */,
				255A94EB1B0CCB31009F5C06 /* CRTODeviceInfo.h */,
				255A94EC1B0CCB31009F5C06 /* CRTODeviceInfo.m */,
				255A94F51B0CE88E009F5C06 /* CRTOSDKInfo.h */,
				255A94F61B0CE88E009F5C06 /* CRTOSDKInfo.m */,
			);
			path = util;
			sourceTree = "<group>";
		};
		258CDC001AF757D0009E678E = {
			isa = PBXGroup;
			children = (
				258CDC0C1AF757D0009E678E /* advertiser-sdk */,
				258CDC191AF757D0009E678E /* advertiser-sdkTests */,
				258CDC0B1AF757D0009E678E /* Products */,
				97B04BFFB9A45B9403A91EAF /* Pods */,
				3F7D17AD8B60BD2319B467A0 /* Frameworks */,
			);
			sourceTree = "<group>";
		};
		258CDC0B1AF757D0009E678E /* Products */ = {
			isa = PBXGroup;
			children = (
				258CDC0A1AF757D0009E678E /* CriteoAdvertiser.framework */,
				258CDC151AF757D0009E678E /* advertiser-sdkTests.xctest */,
			);
			name = Products;
			sourceTree = "<group>";
		};
		258CDC0C1AF757D0009E678E /* advertiser-sdk */ = {
			isa = PBXGroup;
			children = (
				258CDC261AF76E34009E678E /* event */,
				253BA7231B13801600113FBF /* network */,
				259AA6191AF7E00B006743A5 /* product */,
				250560761AF8F952006804AA /* service */,
				255A94EA1B0CCB04009F5C06 /* util */,
				255D0C2F1B171C98001634BE /* CriteoAdvertiser.h */,
				258CDC0D1AF757D0009E678E /* Supporting Files */,
			);
			path = "advertiser-sdk";
			sourceTree = "<group>";
		};
		258CDC0D1AF757D0009E678E /* Supporting Files */ = {
			isa = PBXGroup;
			children = (
				258CDC0E1AF757D0009E678E /* Info.plist */,
			);
			name = "Supporting Files";
			sourceTree = "<group>";
		};
		258CDC191AF757D0009E678E /* advertiser-sdkTests */ = {
			isa = PBXGroup;
			children = (
				25A1ABAA1B1CAE830086EA4F /* event */,
				2592021D1B3AF18200BC8125 /* network */,
				2592021E1B3AF19300BC8125 /* service */,
				2506B7561B0DDEC60091D5F8 /* util */,
				258CDC1C1AF757D0009E678E /* advertiser_sdkTests.m */,
				258CDC1A1AF757D0009E678E /* Supporting Files */,
			);
			path = "advertiser-sdkTests";
			sourceTree = "<group>";
		};
		258CDC1A1AF757D0009E678E /* Supporting Files */ = {
			isa = PBXGroup;
			children = (
				258CDC1B1AF757D0009E678E /* Info.plist */,
			);
			name = "Supporting Files";
			sourceTree = "<group>";
		};
		258CDC261AF76E34009E678E /* event */ = {
			isa = PBXGroup;
			children = (
				2505607C1AF91550006804AA /* serializer */,
				258CDC271AF76EA5009E678E /* CRTOEvent.h */,
				250240731B06512100002E27 /* CRTOEvent+Internal.h */,
				258CDC281AF76EA5009E678E /* CRTOEvent.m */,
				252D17921B0E5FF000DB6D91 /* CRTOExtraData.h */,
				252D17931B0E5FF000DB6D91 /* CRTOExtraData.m */,
				259AA5FB1AF7C8F9006743A5 /* CRTOAppLaunchEvent.h */,
				2502407A1B065EEF00002E27 /* CRTOAppLaunchEvent+Internal.h */,
				259AA5FC1AF7C8F9006743A5 /* CRTOAppLaunchEvent.m */,
				259AA6241AF8A5CB006743A5 /* CRTOBasketViewEvent.h */,
				250240771B065DBA00002E27 /* CRTOBasketViewEvent+Internal.h */,
				259AA6251AF8A5CB006743A5 /* CRTOBasketViewEvent.m */,
				251004951AF9216D00701F7F /* CRTODataEvent.h */,
				250240781B065DF400002E27 /* CRTODataEvent+Internal.h */,
				251004961AF9216D00701F7F /* CRTODataEvent.m */,
				259AA6001AF7CBB5006743A5 /* CRTOHomeViewEvent.h */,
				250240791B065E4F00002E27 /* CRTOHomeViewEvent+Internal.h */,
				259AA6011AF7CBB5006743A5 /* CRTOHomeViewEvent.m */,
				259AA6051AF7DEED006743A5 /* CRTOProductListViewEvent.h */,
				250240761B065D4C00002E27 /* CRTOProductListViewEvent+Internal.h */,
				259AA6061AF7DEED006743A5 /* CRTOProductListViewEvent.m */,
				259AA60A1AF7DF11006743A5 /* CRTOProductViewEvent.h */,
				250240751B065CE000002E27 /* CRTOProductViewEvent+Internal.h */,
				259AA60B1AF7DF11006743A5 /* CRTOProductViewEvent.m */,
				259AA60F1AF7DF48006743A5 /* CRTOTransactionConfirmationEvent.h */,
				250240741B065C7200002E27 /* CRTOTransactionConfirmationEvent+Internal.h */,
				259AA6101AF7DF48006743A5 /* CRTOTransactionConfirmationEvent.m */,
			);
			path = event;
			sourceTree = "<group>";
		};
		2592021D1B3AF18200BC8125 /* network */ = {
			isa = PBXGroup;
			children = (
				2592021F1B3AF1D800BC8125 /* CRTOEventQueueTests.m */,
			);
			path = network;
			sourceTree = "<group>";
		};
		2592021E1B3AF19300BC8125 /* service */ = {
			isa = PBXGroup;
			children = (
				259202221B3C4D9E00BC8125 /* CRTOEventServiceTests.m */,
			);
			path = service;
			sourceTree = "<group>";
		};
		259AA6191AF7E00B006743A5 /* product */ = {
			isa = PBXGroup;
			children = (
				259AA61F1AF7E081006743A5 /* CRTOBasketProduct.h */,
				259AA6201AF7E081006743A5 /* CRTOBasketProduct.m */,
				259AA61A1AF7E06A006743A5 /* CRTOProduct.h */,
				259AA61B1AF7E06A006743A5 /* CRTOProduct.m */,
			);
			path = product;
			sourceTree = "<group>";
		};
		25A1ABAA1B1CAE830086EA4F /* event */ = {
			isa = PBXGroup;
			children = (
				25103EF41B1F589A009B5D24 /* serializer */,
				25A1ABAB1B1CAEA00086EA4F /* CRTOAppLaunchEventTests.m */,
			);
			path = event;
			sourceTree = "<group>";
		};
		3F7D17AD8B60BD2319B467A0 /* Frameworks */ = {
			isa = PBXGroup;
			children = (
				94DB731A744361F6E84CEFFA /* libPods.a */,
			);
			name = Frameworks;
			sourceTree = "<group>";
		};
		97B04BFFB9A45B9403A91EAF /* Pods */ = {
			isa = PBXGroup;
			children = (
				D12C1656A6A625A683C5ED96 /* Pods.debug.xcconfig */,
				F95E2679C5EF1628DBA7B40C /* Pods.release.xcconfig */,
			);
			name = Pods;
			sourceTree = "<group>";
		};
/* End PBXGroup section */

/* Begin PBXHeadersBuildPhase section */
		258CDC071AF757D0009E678E /* Headers */ = {
			isa = PBXHeadersBuildPhase;
			buildActionMask = 2147483647;
			files = (
				255D0C581B171EE5001634BE /* CriteoAdvertiser.h in Headers */,
				259AA61C1AF7E06A006743A5 /* CRTOProduct.h in Headers */,
				259AA6211AF7E081006743A5 /* CRTOBasketProduct.h in Headers */,
				258CDC291AF76EA5009E678E /* CRTOEvent.h in Headers */,
				259AA5FD1AF7C8F9006743A5 /* CRTOAppLaunchEvent.h in Headers */,
				253BA72B1B13804100113FBF /* CRTOEventQueueItem.h in Headers */,
				259AA6261AF8A5CB006743A5 /* CRTOBasketViewEvent.h in Headers */,
				251004971AF9216D00701F7F /* CRTODataEvent.h in Headers */,
				259AA6021AF7CBB5006743A5 /* CRTOHomeViewEvent.h in Headers */,
				259AA6071AF7DEED006743A5 /* CRTOProductListViewEvent.h in Headers */,
				259AA60C1AF7DF11006743A5 /* CRTOProductViewEvent.h in Headers */,
				25103EF21B1F5256009B5D24 /* CRTODateFormatter.h in Headers */,
				259AA6111AF7DF48006743A5 /* CRTOTransactionConfirmationEvent.h in Headers */,
				250560791AF8F96D006804AA /* CRTOEventService.h in Headers */,
				25CF740F1B0E19E4001A023A /* CRTOJSONConstants.h in Headers */,
				255A94F21B0CE5AE009F5C06 /* CRTOAppInfo.h in Headers */,
				253BA7261B13803300113FBF /* CRTOEventQueue.h in Headers */,
				2505607F1AF9156F006804AA /* CRTOJSONEventSerializer.h in Headers */,
				255A94F71B0CE88E009F5C06 /* CRTOSDKInfo.h in Headers */,
				252D17941B0E5FF000DB6D91 /* CRTOExtraData.h in Headers */,
				255A94ED1B0CCB31009F5C06 /* CRTODeviceInfo.h in Headers */,
			);
			runOnlyForDeploymentPostprocessing = 0;
		};
/* End PBXHeadersBuildPhase section */

/* Begin PBXNativeTarget section */
		258CDC091AF757D0009E678E /* advertiser-sdk */ = {
			isa = PBXNativeTarget;
			buildConfigurationList = 258CDC201AF757D0009E678E /* Build configuration list for PBXNativeTarget "advertiser-sdk" */;
			buildPhases = (
				258CDC051AF757D0009E678E /* Sources */,
				258CDC061AF757D0009E678E /* Frameworks */,
				258CDC071AF757D0009E678E /* Headers */,
				258CDC081AF757D0009E678E /* Resources */,
			);
			buildRules = (
			);
			dependencies = (
			);
			name = "advertiser-sdk";
			productName = "advertiser-sdk";
			productReference = 258CDC0A1AF757D0009E678E /* CriteoAdvertiser.framework */;
			productType = "com.apple.product-type.framework";
		};
		258CDC141AF757D0009E678E /* advertiser-sdkTests */ = {
			isa = PBXNativeTarget;
			buildConfigurationList = 258CDC231AF757D0009E678E /* Build configuration list for PBXNativeTarget "advertiser-sdkTests" */;
			buildPhases = (
				C02FD781F7CB4B6DC8599517 /* Check Pods Manifest.lock */,
				258CDC111AF757D0009E678E /* Sources */,
				258CDC121AF757D0009E678E /* Frameworks */,
				258CDC131AF757D0009E678E /* Resources */,
				E7FDBD9236B637EFE143C5DF /* Copy Pods Resources */,
			);
			buildRules = (
			);
			dependencies = (
				258CDC181AF757D0009E678E /* PBXTargetDependency */,
			);
			name = "advertiser-sdkTests";
			productName = "advertiser-sdkTests";
			productReference = 258CDC151AF757D0009E678E /* advertiser-sdkTests.xctest */;
			productType = "com.apple.product-type.bundle.unit-test";
		};
/* End PBXNativeTarget section */

/* Begin PBXProject section */
		258CDC011AF757D0009E678E /* Project object */ = {
			isa = PBXProject;
			attributes = {
				LastUpgradeCheck = 0630;
				ORGANIZATIONNAME = Criteo;
				TargetAttributes = {
					258CDC091AF757D0009E678E = {
						CreatedOnToolsVersion = 6.3.1;
					};
					258CDC141AF757D0009E678E = {
						CreatedOnToolsVersion = 6.3.1;
					};
				};
			};
			buildConfigurationList = 258CDC041AF757D0009E678E /* Build configuration list for PBXProject "advertiser-sdk" */;
			compatibilityVersion = "Xcode 3.2";
			developmentRegion = English;
			hasScannedForEncodings = 0;
			knownRegions = (
				en,
			);
			mainGroup = 258CDC001AF757D0009E678E;
			productRefGroup = 258CDC0B1AF757D0009E678E /* Products */;
			projectDirPath = "";
			projectRoot = "";
			targets = (
				258CDC091AF757D0009E678E /* advertiser-sdk */,
				258CDC141AF757D0009E678E /* advertiser-sdkTests */,
			);
		};
/* End PBXProject section */

/* Begin PBXResourcesBuildPhase section */
		258CDC081AF757D0009E678E /* Resources */ = {
			isa = PBXResourcesBuildPhase;
			buildActionMask = 2147483647;
			files = (
			);
			runOnlyForDeploymentPostprocessing = 0;
		};
		258CDC131AF757D0009E678E /* Resources */ = {
			isa = PBXResourcesBuildPhase;
			buildActionMask = 2147483647;
			files = (
			);
			runOnlyForDeploymentPostprocessing = 0;
		};
/* End PBXResourcesBuildPhase section */

/* Begin PBXShellScriptBuildPhase section */
		C02FD781F7CB4B6DC8599517 /* Check Pods Manifest.lock */ = {
			isa = PBXShellScriptBuildPhase;
			buildActionMask = 2147483647;
			files = (
			);
			inputPaths = (
			);
			name = "Check Pods Manifest.lock";
			outputPaths = (
			);
			runOnlyForDeploymentPostprocessing = 0;
			shellPath = /bin/sh;
			shellScript = "diff \"${PODS_ROOT}/../Podfile.lock\" \"${PODS_ROOT}/Manifest.lock\" > /dev/null\nif [[ $? != 0 ]] ; then\n    cat << EOM\nerror: The sandbox is not in sync with the Podfile.lock. Run 'pod install' or update your CocoaPods installation.\nEOM\n    exit 1\nfi\n";
			showEnvVarsInLog = 0;
		};
		E7FDBD9236B637EFE143C5DF /* Copy Pods Resources */ = {
			isa = PBXShellScriptBuildPhase;
			buildActionMask = 2147483647;
			files = (
			);
			inputPaths = (
			);
			name = "Copy Pods Resources";
			outputPaths = (
			);
			runOnlyForDeploymentPostprocessing = 0;
			shellPath = /bin/sh;
			shellScript = "\"${SRCROOT}/../Pods/Target Support Files/Pods/Pods-resources.sh\"\n";
			showEnvVarsInLog = 0;
		};
/* End PBXShellScriptBuildPhase section */

/* Begin PBXSourcesBuildPhase section */
		258CDC051AF757D0009E678E /* Sources */ = {
			isa = PBXSourcesBuildPhase;
			buildActionMask = 2147483647;
			files = (
				259AA6081AF7DEED006743A5 /* CRTOProductListViewEvent.m in Sources */,
				258CDC2A1AF76EA5009E678E /* CRTOEvent.m in Sources */,
				255A94F31B0CE5AE009F5C06 /* CRTOAppInfo.m in Sources */,
				259AA6221AF7E081006743A5 /* CRTOBasketProduct.m in Sources */,
				25103EF31B1F5256009B5D24 /* CRTODateFormatter.m in Sources */,
				253BA7271B13803300113FBF /* CRTOEventQueue.m in Sources */,
				251004981AF9216D00701F7F /* CRTODataEvent.m in Sources */,
				259AA6271AF8A5CB006743A5 /* CRTOBasketViewEvent.m in Sources */,
				255A94EE1B0CCB31009F5C06 /* CRTODeviceInfo.m in Sources */,
				253BA72C1B13804100113FBF /* CRTOEventQueueItem.m in Sources */,
				259AA6121AF7DF48006743A5 /* CRTOTransactionConfirmationEvent.m in Sources */,
				259AA60D1AF7DF11006743A5 /* CRTOProductViewEvent.m in Sources */,
				2505607A1AF8F96D006804AA /* CRTOEventService.m in Sources */,
				259AA5FE1AF7C8F9006743A5 /* CRTOAppLaunchEvent.m in Sources */,
				252D17951B0E5FF000DB6D91 /* CRTOExtraData.m in Sources */,
				250560801AF9156F006804AA /* CRTOJSONEventSerializer.m in Sources */,
				259AA61D1AF7E06A006743A5 /* CRTOProduct.m in Sources */,
				255A94F81B0CE88E009F5C06 /* CRTOSDKInfo.m in Sources */,
				25CF74101B0E19E4001A023A /* CRTOJSONConstants.m in Sources */,
				259AA6031AF7CBB5006743A5 /* CRTOHomeViewEvent.m in Sources */,
			);
			runOnlyForDeploymentPostprocessing = 0;
		};
		258CDC111AF757D0009E678E /* Sources */ = {
			isa = PBXSourcesBuildPhase;
			buildActionMask = 2147483647;
			files = (
				251004991AF9216D00701F7F /* CRTODataEvent.m in Sources */,
				258CDC1D1AF757D0009E678E /* advertiser_sdkTests.m in Sources */,
				25CF74021B0E00FD001A023A /* CRTOSDKInfoTests.m in Sources */,
				259AA6131AF7DF48006743A5 /* CRTOTransactionConfirmationEvent.m in Sources */,
				25103EF61B1F58B6009B5D24 /* CRTODateFormatterTests.m in Sources */,
				252D17961B0E5FF000DB6D91 /* CRTOExtraData.m in Sources */,
				259202231B3C4D9E00BC8125 /* CRTOEventServiceTests.m in Sources */,
				25A1ABAC1B1CAEA00086EA4F /* CRTOAppLaunchEventTests.m in Sources */,
				25CF74001B0DFEE1001A023A /* CRTODeviceInfoTests.m in Sources */,
				259202201B3AF1D800BC8125 /* CRTOEventQueueTests.m in Sources */,
				259AA61E1AF7E06A006743A5 /* CRTOProduct.m in Sources */,
				255A94F41B0CE5AE009F5C06 /* CRTOAppInfo.m in Sources */,
				250560811AF9156F006804AA /* CRTOJSONEventSerializer.m in Sources */,
				259AA6281AF8A5CB006743A5 /* CRTOBasketViewEvent.m in Sources */,
				259AA6041AF7CBB5006743A5 /* CRTOHomeViewEvent.m in Sources */,
				259AA60E1AF7DF11006743A5 /* CRTOProductViewEvent.m in Sources */,
				259AA5FF1AF7C8F9006743A5 /* CRTOAppLaunchEvent.m in Sources */,
				2505607B1AF8F96D006804AA /* CRTOEventService.m in Sources */,
				259AA6231AF7E081006743A5 /* CRTOBasketProduct.m in Sources */,
				2506B7581B0DDF050091D5F8 /* CRTOAppInfoTests.m in Sources */,
				255A94EF1B0CCB31009F5C06 /* CRTODeviceInfo.m in Sources */,
				259AA6091AF7DEED006743A5 /* CRTOProductListViewEvent.m in Sources */,
				25CF74111B0E19E4001A023A /* CRTOJSONConstants.m in Sources */,
				255A94F91B0CE88E009F5C06 /* CRTOSDKInfo.m in Sources */,
				253BA7281B13803300113FBF /* CRTOEventQueue.m in Sources */,
				258CDC2B1AF76EA5009E678E /* CRTOEvent.m in Sources */,
				253BA72D1B13804100113FBF /* CRTOEventQueueItem.m in Sources */,
			);
			runOnlyForDeploymentPostprocessing = 0;
		};
/* End PBXSourcesBuildPhase section */

/* Begin PBXTargetDependency section */
		258CDC181AF757D0009E678E /* PBXTargetDependency */ = {
			isa = PBXTargetDependency;
			target = 258CDC091AF757D0009E678E /* advertiser-sdk */;
			targetProxy = 258CDC171AF757D0009E678E /* PBXContainerItemProxy */;
		};
/* End PBXTargetDependency section */

/* Begin XCBuildConfiguration section */
		258CDC1E1AF757D0009E678E /* Debug */ = {
			isa = XCBuildConfiguration;
			buildSettings = {
				ALWAYS_SEARCH_USER_PATHS = NO;
				CLANG_CXX_LANGUAGE_STANDARD = "gnu++0x";
				CLANG_CXX_LIBRARY = "libc++";
				CLANG_ENABLE_MODULES = YES;
				CLANG_ENABLE_OBJC_ARC = YES;
				CLANG_WARN_BOOL_CONVERSION = YES;
				CLANG_WARN_CONSTANT_CONVERSION = YES;
				CLANG_WARN_DIRECT_OBJC_ISA_USAGE = YES_ERROR;
				CLANG_WARN_EMPTY_BODY = YES;
				CLANG_WARN_ENUM_CONVERSION = YES;
				CLANG_WARN_INT_CONVERSION = YES;
				CLANG_WARN_OBJC_ROOT_CLASS = YES_ERROR;
				CLANG_WARN_UNREACHABLE_CODE = YES;
				CLANG_WARN__DUPLICATE_METHOD_MATCH = YES;
				"CODE_SIGN_IDENTITY[sdk=iphoneos*]" = "iPhone Developer";
				COPY_PHASE_STRIP = NO;
				CURRENT_PROJECT_VERSION = 1;
				DEBUG_INFORMATION_FORMAT = "dwarf-with-dsym";
				ENABLE_STRICT_OBJC_MSGSEND = YES;
				GCC_C_LANGUAGE_STANDARD = gnu99;
				GCC_DYNAMIC_NO_PIC = NO;
				GCC_NO_COMMON_BLOCKS = YES;
				GCC_OPTIMIZATION_LEVEL = 0;
				GCC_PREPROCESSOR_DEFINITIONS = (
					"DEBUG=1",
					"$(inherited)",
				);
				GCC_SYMBOLS_PRIVATE_EXTERN = NO;
				GCC_WARN_64_TO_32_BIT_CONVERSION = YES;
				GCC_WARN_ABOUT_RETURN_TYPE = YES_ERROR;
				GCC_WARN_UNDECLARED_SELECTOR = YES;
				GCC_WARN_UNINITIALIZED_AUTOS = YES_AGGRESSIVE;
				GCC_WARN_UNUSED_FUNCTION = YES;
				GCC_WARN_UNUSED_VARIABLE = YES;
				IPHONEOS_DEPLOYMENT_TARGET = 8.3;
				MTL_ENABLE_DEBUG_INFO = YES;
				ONLY_ACTIVE_ARCH = YES;
				SDKROOT = iphoneos;
				TARGETED_DEVICE_FAMILY = "1,2";
				VERSIONING_SYSTEM = "apple-generic";
				VERSION_INFO_PREFIX = "";
			};
			name = Debug;
		};
		258CDC1F1AF757D0009E678E /* Release */ = {
			isa = XCBuildConfiguration;
			buildSettings = {
				ALWAYS_SEARCH_USER_PATHS = NO;
				CLANG_CXX_LANGUAGE_STANDARD = "gnu++0x";
				CLANG_CXX_LIBRARY = "libc++";
				CLANG_ENABLE_MODULES = YES;
				CLANG_ENABLE_OBJC_ARC = YES;
				CLANG_WARN_BOOL_CONVERSION = YES;
				CLANG_WARN_CONSTANT_CONVERSION = YES;
				CLANG_WARN_DIRECT_OBJC_ISA_USAGE = YES_ERROR;
				CLANG_WARN_EMPTY_BODY = YES;
				CLANG_WARN_ENUM_CONVERSION = YES;
				CLANG_WARN_INT_CONVERSION = YES;
				CLANG_WARN_OBJC_ROOT_CLASS = YES_ERROR;
				CLANG_WARN_UNREACHABLE_CODE = YES;
				CLANG_WARN__DUPLICATE_METHOD_MATCH = YES;
				"CODE_SIGN_IDENTITY[sdk=iphoneos*]" = "iPhone Developer";
				COPY_PHASE_STRIP = NO;
				CURRENT_PROJECT_VERSION = 1;
				DEBUG_INFORMATION_FORMAT = "dwarf-with-dsym";
				ENABLE_NS_ASSERTIONS = NO;
				ENABLE_STRICT_OBJC_MSGSEND = YES;
				GCC_C_LANGUAGE_STANDARD = gnu99;
				GCC_NO_COMMON_BLOCKS = YES;
				GCC_WARN_64_TO_32_BIT_CONVERSION = YES;
				GCC_WARN_ABOUT_RETURN_TYPE = YES_ERROR;
				GCC_WARN_UNDECLARED_SELECTOR = YES;
				GCC_WARN_UNINITIALIZED_AUTOS = YES_AGGRESSIVE;
				GCC_WARN_UNUSED_FUNCTION = YES;
				GCC_WARN_UNUSED_VARIABLE = YES;
				IPHONEOS_DEPLOYMENT_TARGET = 8.3;
				MTL_ENABLE_DEBUG_INFO = NO;
				SDKROOT = iphoneos;
				TARGETED_DEVICE_FAMILY = "1,2";
				VALIDATE_PRODUCT = YES;
				VERSIONING_SYSTEM = "apple-generic";
				VERSION_INFO_PREFIX = "";
			};
			name = Release;
		};
		258CDC211AF757D0009E678E /* Debug */ = {
			isa = XCBuildConfiguration;
			buildSettings = {
				CURRENT_PROJECT_VERSION = 1.0123;
				DEFINES_MODULE = YES;
				DYLIB_COMPATIBILITY_VERSION = 1;
				DYLIB_CURRENT_VERSION = 1;
				DYLIB_INSTALL_NAME_BASE = "@rpath";
				INFOPLIST_FILE = "advertiser-sdk/Info.plist";
				INSTALL_PATH = "$(LOCAL_LIBRARY_DIR)/Frameworks";
				LD_RUNPATH_SEARCH_PATHS = "$(inherited) @executable_path/Frameworks @loader_path/Frameworks";
				PRODUCT_NAME = CriteoAdvertiser;
				SKIP_INSTALL = YES;
			};
			name = Debug;
		};
		258CDC221AF757D0009E678E /* Release */ = {
			isa = XCBuildConfiguration;
			buildSettings = {
				CURRENT_PROJECT_VERSION = 1.0123;
				DEFINES_MODULE = YES;
				DYLIB_COMPATIBILITY_VERSION = 1;
				DYLIB_CURRENT_VERSION = 1;
				DYLIB_INSTALL_NAME_BASE = "@rpath";
				INFOPLIST_FILE = "advertiser-sdk/Info.plist";
				INSTALL_PATH = "$(LOCAL_LIBRARY_DIR)/Frameworks";
				LD_RUNPATH_SEARCH_PATHS = "$(inherited) @executable_path/Frameworks @loader_path/Frameworks";
				PRODUCT_NAME = CriteoAdvertiser;
				SKIP_INSTALL = YES;
			};
			name = Release;
		};
		258CDC241AF757D0009E678E /* Debug */ = {
			isa = XCBuildConfiguration;
			baseConfigurationReference = D12C1656A6A625A683C5ED96 /* Pods.debug.xcconfig */;
			buildSettings = {
				FRAMEWORK_SEARCH_PATHS = (
					"$(SDKROOT)/Developer/Library/Frameworks",
					"$(inherited)",
				);
				GCC_PREPROCESSOR_DEFINITIONS = (
					"DEBUG=1",
					"$(inherited)",
				);
				INFOPLIST_FILE = "advertiser-sdkTests/Info.plist";
				LD_RUNPATH_SEARCH_PATHS = "$(inherited) @executable_path/Frameworks @loader_path/Frameworks";
				PRODUCT_NAME = "$(TARGET_NAME)";
			};
			name = Debug;
		};
		258CDC251AF757D0009E678E /* Release */ = {
			isa = XCBuildConfiguration;
			baseConfigurationReference = F95E2679C5EF1628DBA7B40C /* Pods.release.xcconfig */;
			buildSettings = {
				FRAMEWORK_SEARCH_PATHS = (
					"$(SDKROOT)/Developer/Library/Frameworks",
					"$(inherited)",
				);
				INFOPLIST_FILE = "advertiser-sdkTests/Info.plist";
				LD_RUNPATH_SEARCH_PATHS = "$(inherited) @executable_path/Frameworks @loader_path/Frameworks";
				PRODUCT_NAME = "$(TARGET_NAME)";
			};
			name = Release;
		};
/* End XCBuildConfiguration section */

/* Begin XCConfigurationList section */
		258CDC041AF757D0009E678E /* Build configuration list for PBXProject "advertiser-sdk" */ = {
			isa = XCConfigurationList;
			buildConfigurations = (
				258CDC1E1AF757D0009E678E /* Debug */,
				258CDC1F1AF757D0009E678E /* Release */,
			);
			defaultConfigurationIsVisible = 0;
			defaultConfigurationName = Release;
		};
		258CDC201AF757D0009E678E /* Build configuration list for PBXNativeTarget "advertiser-sdk" */ = {
			isa = XCConfigurationList;
			buildConfigurations = (
				258CDC211AF757D0009E678E /* Debug */,
				258CDC221AF757D0009E678E /* Release */,
			);
			defaultConfigurationIsVisible = 0;
			defaultConfigurationName = Release;
		};
		258CDC231AF757D0009E678E /* Build configuration list for PBXNativeTarget "advertiser-sdkTests" */ = {
			isa = XCConfigurationList;
			buildConfigurations = (
				258CDC241AF757D0009E678E /* Debug */,
				258CDC251AF757D0009E678E /* Release */,
			);
			defaultConfigurationIsVisible = 0;
			defaultConfigurationName = Release;
		};
/* End XCConfigurationList section */
	};
	rootObject = 258CDC011AF757D0009E678E /* Project object */;
}
