// !$*UTF8*$!
{
	archiveVersion = 1;
	classes = {
	};
	objectVersion = 46;
	objects = {

/* Begin PBXBuildFile section */
		252D68821B6006FF00799A82 /* CriteoAdvertiser.framework in Frameworks */ = {isa = PBXBuildFile; fileRef = 252D68811B6006FF00799A82 /* CriteoAdvertiser.framework */; };
		252D68831B60070000799A82 /* CriteoAdvertiser.framework in Embed Frameworks */ = {isa = PBXBuildFile; fileRef = 252D68811B6006FF00799A82 /* CriteoAdvertiser.framework */; settings = {ATTRIBUTES = (CodeSignOnCopy, RemoveHeadersOnCopy, ); }; };
		252D68861B60071400799A82 /* CriteoAdvertiser.framework in Frameworks */ = {isa = PBXBuildFile; fileRef = 252D68851B60071400799A82 /* CriteoAdvertiser.framework */; };
		255EC3091B7105AD0045D647 /* AdvertisingId.m in Sources */ = {isa = PBXBuildFile; fileRef = 255EC3081B71032A0045D647 /* AdvertisingId.m */; };
		255EC30A1B7105AE0045D647 /* AdvertisingId.m in Sources */ = {isa = PBXBuildFile; fileRef = 255EC3081B71032A0045D647 /* AdvertisingId.m */; };
		2567E5E71B5FFB60007589BB /* ViewController.m in Sources */ = {isa = PBXBuildFile; fileRef = 25783EAE1B5D336F004F940C /* ViewController.m */; };
		2567E5E81B5FFB60007589BB /* AppDelegate.m in Sources */ = {isa = PBXBuildFile; fileRef = 25783EAB1B5D336F004F940C /* AppDelegate.m */; };
		2567E5E91B5FFB60007589BB /* WidgetService.m in Sources */ = {isa = PBXBuildFile; fileRef = 25C14D6E1B5FC81600447514 /* WidgetService.m */; };
		2567E5EA1B5FFB60007589BB /* UserDataService.m in Sources */ = {isa = PBXBuildFile; fileRef = 25C14D691B5FC0F400447514 /* UserDataService.m */; };
		2567E5EB1B5FFB60007589BB /* main.m in Sources */ = {isa = PBXBuildFile; fileRef = 25783EA81B5D336F004F940C /* main.m */; };
		2567E5ED1B5FFB60007589BB /* AdSupport.framework in Frameworks */ = {isa = PBXBuildFile; fileRef = 25C14D6B1B5FC33200447514 /* AdSupport.framework */; };
		2567E5EF1B5FFB60007589BB /* Main.storyboard in Resources */ = {isa = PBXBuildFile; fileRef = 25783EB01B5D336F004F940C /* Main.storyboard */; };
		2567E5F01B5FFB60007589BB /* LaunchScreen.xib in Resources */ = {isa = PBXBuildFile; fileRef = 25783EB51B5D336F004F940C /* LaunchScreen.xib */; };
		2567E5F11B5FFB60007589BB /* Images.xcassets in Resources */ = {isa = PBXBuildFile; fileRef = 25783EB31B5D336F004F940C /* Images.xcassets */; };
		2567E5FB1B5FFC58007589BB /* advertiser_sdk_sandboxTests.m in Sources */ = {isa = PBXBuildFile; fileRef = 25783EC21B5D336F004F940C /* advertiser_sdk_sandboxTests.m */; };
		256CE15D1B610AE30079495A /* EventSender.m in Sources */ = {isa = PBXBuildFile; fileRef = 256CE15C1B610AE30079495A /* EventSender.m */; };
		256CE15E1B610AE30079495A /* EventSender.m in Sources */ = {isa = PBXBuildFile; fileRef = 256CE15C1B610AE30079495A /* EventSender.m */; };
		25783EA91B5D336F004F940C /* main.m in Sources */ = {isa = PBXBuildFile; fileRef = 25783EA81B5D336F004F940C /* main.m */; };
		25783EAC1B5D336F004F940C /* AppDelegate.m in Sources */ = {isa = PBXBuildFile; fileRef = 25783EAB1B5D336F004F940C /* AppDelegate.m */; };
		25783EAF1B5D336F004F940C /* ViewController.m in Sources */ = {isa = PBXBuildFile; fileRef = 25783EAE1B5D336F004F940C /* ViewController.m */; };
		25783EB21B5D336F004F940C /* Main.storyboard in Resources */ = {isa = PBXBuildFile; fileRef = 25783EB01B5D336F004F940C /* Main.storyboard */; };
		25783EB41B5D336F004F940C /* Images.xcassets in Resources */ = {isa = PBXBuildFile; fileRef = 25783EB31B5D336F004F940C /* Images.xcassets */; };
		25783EB71B5D336F004F940C /* LaunchScreen.xib in Resources */ = {isa = PBXBuildFile; fileRef = 25783EB51B5D336F004F940C /* LaunchScreen.xib */; };
		25783EC31B5D336F004F940C /* advertiser_sdk_sandboxTests.m in Sources */ = {isa = PBXBuildFile; fileRef = 25783EC21B5D336F004F940C /* advertiser_sdk_sandboxTests.m */; };
		25C14D6A1B5FC0F400447514 /* UserDataService.m in Sources */ = {isa = PBXBuildFile; fileRef = 25C14D691B5FC0F400447514 /* UserDataService.m */; };
		25C14D6C1B5FC33200447514 /* AdSupport.framework in Frameworks */ = {isa = PBXBuildFile; fileRef = 25C14D6B1B5FC33200447514 /* AdSupport.framework */; };
		25C14D6F1B5FC81600447514 /* WidgetService.m in Sources */ = {isa = PBXBuildFile; fileRef = 25C14D6E1B5FC81600447514 /* WidgetService.m */; };
/* End PBXBuildFile section */

/* Begin PBXContainerItemProxy section */
		2567E6031B5FFC81007589BB /* PBXContainerItemProxy */ = {
			isa = PBXContainerItemProxy;
			containerPortal = 25783E9B1B5D336F004F940C /* Project object */;
			proxyType = 1;
			remoteGlobalIDString = 2567E5E51B5FFB60007589BB;
			remoteInfo = "advertiser-sdk-sandbox-static";
		};
		25783EBD1B5D336F004F940C /* PBXContainerItemProxy */ = {
			isa = PBXContainerItemProxy;
			containerPortal = 25783E9B1B5D336F004F940C /* Project object */;
			proxyType = 1;
			remoteGlobalIDString = 25783EA21B5D336F004F940C;
			remoteInfo = "advertiser-sdk-sandbox";
		};
/* End PBXContainerItemProxy section */

/* Begin PBXCopyFilesBuildPhase section */
		252D68841B60070000799A82 /* Embed Frameworks */ = {
			isa = PBXCopyFilesBuildPhase;
			buildActionMask = 2147483647;
			dstPath = "";
			dstSubfolderSpec = 10;
			files = (
				252D68831B60070000799A82 /* CriteoAdvertiser.framework in Embed Frameworks */,
			);
			name = "Embed Frameworks";
			runOnlyForDeploymentPostprocessing = 0;
		};
/* End PBXCopyFilesBuildPhase section */

/* Begin PBXFileReference section */
		252D68811B6006FF00799A82 /* CriteoAdvertiser.framework */ = {isa = PBXFileReference; lastKnownFileType = wrapper.framework; name = CriteoAdvertiser.framework; path = "advertiser-framework-dynamic/CriteoAdvertiser.framework"; sourceTree = "<group>"; };
		252D68851B60071400799A82 /* CriteoAdvertiser.framework */ = {isa = PBXFileReference; lastKnownFileType = wrapper.framework; name = CriteoAdvertiser.framework; path = "advertiser-framework-static/CriteoAdvertiser.framework"; sourceTree = "<group>"; };
		255EC3071B71032A0045D647 /* AdvertisingId.h */ = {isa = PBXFileReference; lastKnownFileType = sourcecode.c.h; path = AdvertisingId.h; sourceTree = "<group>"; };
		255EC3081B71032A0045D647 /* AdvertisingId.m */ = {isa = PBXFileReference; lastKnownFileType = sourcecode.c.objc; path = AdvertisingId.m; sourceTree = "<group>"; };
		2567E5F51B5FFB60007589BB /* advertiser-sdk-sandbox-static.app */ = {isa = PBXFileReference; explicitFileType = wrapper.application; includeInIndex = 0; path = "advertiser-sdk-sandbox-static.app"; sourceTree = BUILT_PRODUCTS_DIR; };
		2567E6011B5FFC58007589BB /* advertiser-sdk-sandbox-staticTests.xctest */ = {isa = PBXFileReference; explicitFileType = wrapper.cfbundle; includeInIndex = 0; path = "advertiser-sdk-sandbox-staticTests.xctest"; sourceTree = BUILT_PRODUCTS_DIR; };
		256CE15B1B610AE30079495A /* EventSender.h */ = {isa = PBXFileReference; fileEncoding = 4; lastKnownFileType = sourcecode.c.h; path = EventSender.h; sourceTree = "<group>"; };
		256CE15C1B610AE30079495A /* EventSender.m */ = {isa = PBXFileReference; fileEncoding = 4; lastKnownFileType = sourcecode.c.objc; path = EventSender.m; sourceTree = "<group>"; };
		25783EA31B5D336F004F940C /* advertiser-sdk-sandbox-dynamic.app */ = {isa = PBXFileReference; explicitFileType = wrapper.application; includeInIndex = 0; path = "advertiser-sdk-sandbox-dynamic.app"; sourceTree = BUILT_PRODUCTS_DIR; };
		25783EA71B5D336F004F940C /* Info.plist */ = {isa = PBXFileReference; lastKnownFileType = text.plist.xml; path = Info.plist; sourceTree = "<group>"; };
		25783EA81B5D336F004F940C /* main.m */ = {isa = PBXFileReference; lastKnownFileType = sourcecode.c.objc; path = main.m; sourceTree = "<group>"; };
		25783EAA1B5D336F004F940C /* AppDelegate.h */ = {isa = PBXFileReference; lastKnownFileType = sourcecode.c.h; path = AppDelegate.h; sourceTree = "<group>"; };
		25783EAB1B5D336F004F940C /* AppDelegate.m */ = {isa = PBXFileReference; lastKnownFileType = sourcecode.c.objc; path = AppDelegate.m; sourceTree = "<group>"; };
		25783EAD1B5D336F004F940C /* ViewController.h */ = {isa = PBXFileReference; lastKnownFileType = sourcecode.c.h; path = ViewController.h; sourceTree = "<group>"; };
		25783EAE1B5D336F004F940C /* ViewController.m */ = {isa = PBXFileReference; lastKnownFileType = sourcecode.c.objc; path = ViewController.m; sourceTree = "<group>"; };
		25783EB11B5D336F004F940C /* Base */ = {isa = PBXFileReference; lastKnownFileType = file.storyboard; name = Base; path = Base.lproj/Main.storyboard; sourceTree = "<group>"; };
		25783EB31B5D336F004F940C /* Images.xcassets */ = {isa = PBXFileReference; lastKnownFileType = folder.assetcatalog; path = Images.xcassets; sourceTree = "<group>"; };
		25783EB61B5D336F004F940C /* Base */ = {isa = PBXFileReference; lastKnownFileType = file.xib; name = Base; path = Base.lproj/LaunchScreen.xib; sourceTree = "<group>"; };
		25783EBC1B5D336F004F940C /* advertiser-sdk-sandbox-dynamicTests.xctest */ = {isa = PBXFileReference; explicitFileType = wrapper.cfbundle; includeInIndex = 0; path = "advertiser-sdk-sandbox-dynamicTests.xctest"; sourceTree = BUILT_PRODUCTS_DIR; };
		25783EC11B5D336F004F940C /* Info.plist */ = {isa = PBXFileReference; lastKnownFileType = text.plist.xml; path = Info.plist; sourceTree = "<group>"; };
		25783EC21B5D336F004F940C /* advertiser_sdk_sandboxTests.m */ = {isa = PBXFileReference; lastKnownFileType = sourcecode.c.objc; path = advertiser_sdk_sandboxTests.m; sourceTree = "<group>"; };
		25C14D681B5FC0F400447514 /* UserDataService.h */ = {isa = PBXFileReference; fileEncoding = 4; lastKnownFileType = sourcecode.c.h; path = UserDataService.h; sourceTree = "<group>"; };
		25C14D691B5FC0F400447514 /* UserDataService.m */ = {isa = PBXFileReference; fileEncoding = 4; lastKnownFileType = sourcecode.c.objc; path = UserDataService.m; sourceTree = "<group>"; };
		25C14D6B1B5FC33200447514 /* AdSupport.framework */ = {isa = PBXFileReference; lastKnownFileType = wrapper.framework; name = AdSupport.framework; path = System/Library/Frameworks/AdSupport.framework; sourceTree = SDKROOT; };
		25C14D6D1B5FC81600447514 /* WidgetService.h */ = {isa = PBXFileReference; fileEncoding = 4; lastKnownFileType = sourcecode.c.h; path = WidgetService.h; sourceTree = "<group>"; };
		25C14D6E1B5FC81600447514 /* WidgetService.m */ = {isa = PBXFileReference; fileEncoding = 4; lastKnownFileType = sourcecode.c.objc; path = WidgetService.m; sourceTree = "<group>"; };
/* End PBXFileReference section */

/* Begin PBXFrameworksBuildPhase section */
		2567E5EC1B5FFB60007589BB /* Frameworks */ = {
			isa = PBXFrameworksBuildPhase;
			buildActionMask = 2147483647;
			files = (
				252D68861B60071400799A82 /* CriteoAdvertiser.framework in Frameworks */,
				2567E5ED1B5FFB60007589BB /* AdSupport.framework in Frameworks */,
			);
			runOnlyForDeploymentPostprocessing = 0;
		};
		2567E5FC1B5FFC58007589BB /* Frameworks */ = {
			isa = PBXFrameworksBuildPhase;
			buildActionMask = 2147483647;
			files = (
			);
			runOnlyForDeploymentPostprocessing = 0;
		};
		25783EA01B5D336F004F940C /* Frameworks */ = {
			isa = PBXFrameworksBuildPhase;
			buildActionMask = 2147483647;
			files = (
				25C14D6C1B5FC33200447514 /* AdSupport.framework in Frameworks */,
				252D68821B6006FF00799A82 /* CriteoAdvertiser.framework in Frameworks */,
			);
			runOnlyForDeploymentPostprocessing = 0;
		};
		25783EB91B5D336F004F940C /* Frameworks */ = {
			isa = PBXFrameworksBuildPhase;
			buildActionMask = 2147483647;
			files = (
			);
			runOnlyForDeploymentPostprocessing = 0;
		};
/* End PBXFrameworksBuildPhase section */

/* Begin PBXGroup section */
		255EC3061B7103040045D647 /* idfa */ = {
			isa = PBXGroup;
			children = (
				255EC3071B71032A0045D647 /* AdvertisingId.h */,
				255EC3081B71032A0045D647 /* AdvertisingId.m */,
			);
			path = idfa;
			sourceTree = "<group>";
		};
		256CE15A1B610ABE0079495A /* event */ = {
			isa = PBXGroup;
			children = (
				256CE15B1B610AE30079495A /* EventSender.h */,
				256CE15C1B610AE30079495A /* EventSender.m */,
			);
			path = event;
			sourceTree = "<group>";
		};
		25783E9A1B5D336F004F940C = {
			isa = PBXGroup;
			children = (
				252D68851B60071400799A82 /* CriteoAdvertiser.framework */,
				252D68811B6006FF00799A82 /* CriteoAdvertiser.framework */,
				25C14D6B1B5FC33200447514 /* AdSupport.framework */,
				25783EA51B5D336F004F940C /* advertiser-sdk-sandbox */,
				25783EBF1B5D336F004F940C /* advertiser-sdk-sandboxTests */,
				25783EA41B5D336F004F940C /* Products */,
			);
			sourceTree = "<group>";
		};
		25783EA41B5D336F004F940C /* Products */ = {
			isa = PBXGroup;
			children = (
				25783EA31B5D336F004F940C /* advertiser-sdk-sandbox-dynamic.app */,
				25783EBC1B5D336F004F940C /* advertiser-sdk-sandbox-dynamicTests.xctest */,
				2567E5F51B5FFB60007589BB /* advertiser-sdk-sandbox-static.app */,
				2567E6011B5FFC58007589BB /* advertiser-sdk-sandbox-staticTests.xctest */,
			);
			name = Products;
			sourceTree = "<group>";
		};
		25783EA51B5D336F004F940C /* advertiser-sdk-sandbox */ = {
			isa = PBXGroup;
			children = (
				25783EAA1B5D336F004F940C /* AppDelegate.h */,
				25783EAB1B5D336F004F940C /* AppDelegate.m */,
				25783EAD1B5D336F004F940C /* ViewController.h */,
				25783EAE1B5D336F004F940C /* ViewController.m */,
				25783EB01B5D336F004F940C /* Main.storyboard */,
				25783EB31B5D336F004F940C /* Images.xcassets */,
				25783EB51B5D336F004F940C /* LaunchScreen.xib */,
				256CE15A1B610ABE0079495A /* event */,
				255EC3061B7103040045D647 /* idfa */,
				25C14D671B5FC0C700447514 /* services */,
				25783EA61B5D336F004F940C /* Supporting Files */,
			);
			path = "advertiser-sdk-sandbox";
			sourceTree = "<group>";
		};
		25783EA61B5D336F004F940C /* Supporting Files */ = {
			isa = PBXGroup;
			children = (
				25783EA71B5D336F004F940C /* Info.plist */,
				25783EA81B5D336F004F940C /* main.m */,
			);
			name = "Supporting Files";
			sourceTree = "<group>";
		};
		25783EBF1B5D336F004F940C /* advertiser-sdk-sandboxTests */ = {
			isa = PBXGroup;
			children = (
				25783EC21B5D336F004F940C /* advertiser_sdk_sandboxTests.m */,
				25783EC01B5D336F004F940C /* Supporting Files */,
			);
			path = "advertiser-sdk-sandboxTests";
			sourceTree = "<group>";
		};
		25783EC01B5D336F004F940C /* Supporting Files */ = {
			isa = PBXGroup;
			children = (
				25783EC11B5D336F004F940C /* Info.plist */,
			);
			name = "Supporting Files";
			sourceTree = "<group>";
		};
		25C14D671B5FC0C700447514 /* services */ = {
			isa = PBXGroup;
			children = (
				25C14D681B5FC0F400447514 /* UserDataService.h */,
				25C14D691B5FC0F400447514 /* UserDataService.m */,
				25C14D6D1B5FC81600447514 /* WidgetService.h */,
				25C14D6E1B5FC81600447514 /* WidgetService.m */,
			);
			path = services;
			sourceTree = "<group>";
		};
/* End PBXGroup section */

/* Begin PBXNativeTarget section */
		2567E5E51B5FFB60007589BB /* advertiser-sdk-sandbox-static */ = {
			isa = PBXNativeTarget;
			buildConfigurationList = 2567E5F21B5FFB60007589BB /* Build configuration list for PBXNativeTarget "advertiser-sdk-sandbox-static" */;
			buildPhases = (
				2567E5E61B5FFB60007589BB /* Sources */,
				2567E5EC1B5FFB60007589BB /* Frameworks */,
				2567E5EE1B5FFB60007589BB /* Resources */,
			);
			buildRules = (
			);
			dependencies = (
			);
			name = "advertiser-sdk-sandbox-static";
			productName = "advertiser-sdk-sandbox";
			productReference = 2567E5F51B5FFB60007589BB /* advertiser-sdk-sandbox-static.app */;
			productType = "com.apple.product-type.application";
		};
		2567E5F71B5FFC58007589BB /* advertiser-sdk-sandbox-staticTests */ = {
			isa = PBXNativeTarget;
			buildConfigurationList = 2567E5FE1B5FFC58007589BB /* Build configuration list for PBXNativeTarget "advertiser-sdk-sandbox-staticTests" */;
			buildPhases = (
				2567E5FA1B5FFC58007589BB /* Sources */,
				2567E5FC1B5FFC58007589BB /* Frameworks */,
				2567E5FD1B5FFC58007589BB /* Resources */,
			);
			buildRules = (
			);
			dependencies = (
				2567E6041B5FFC81007589BB /* PBXTargetDependency */,
			);
			name = "advertiser-sdk-sandbox-staticTests";
			productName = "advertiser-sdk-sandboxTests";
			productReference = 2567E6011B5FFC58007589BB /* advertiser-sdk-sandbox-staticTests.xctest */;
			productType = "com.apple.product-type.bundle.unit-test";
		};
		25783EA21B5D336F004F940C /* advertiser-sdk-sandbox-dynamic */ = {
			isa = PBXNativeTarget;
			buildConfigurationList = 25783EC61B5D336F004F940C /* Build configuration list for PBXNativeTarget "advertiser-sdk-sandbox-dynamic" */;
			buildPhases = (
				25783E9F1B5D336F004F940C /* Sources */,
				25783EA01B5D336F004F940C /* Frameworks */,
				25783EA11B5D336F004F940C /* Resources */,
				252D68841B60070000799A82 /* Embed Frameworks */,
			);
			buildRules = (
			);
			dependencies = (
			);
			name = "advertiser-sdk-sandbox-dynamic";
			productName = "advertiser-sdk-sandbox";
			productReference = 25783EA31B5D336F004F940C /* advertiser-sdk-sandbox-dynamic.app */;
			productType = "com.apple.product-type.application";
		};
		25783EBB1B5D336F004F940C /* advertiser-sdk-sandbox-dynamicTests */ = {
			isa = PBXNativeTarget;
			buildConfigurationList = 25783EC91B5D336F004F940C /* Build configuration list for PBXNativeTarget "advertiser-sdk-sandbox-dynamicTests" */;
			buildPhases = (
				25783EB81B5D336F004F940C /* Sources */,
				25783EB91B5D336F004F940C /* Frameworks */,
				25783EBA1B5D336F004F940C /* Resources */,
			);
			buildRules = (
			);
			dependencies = (
				25783EBE1B5D336F004F940C /* PBXTargetDependency */,
			);
			name = "advertiser-sdk-sandbox-dynamicTests";
			productName = "advertiser-sdk-sandboxTests";
			productReference = 25783EBC1B5D336F004F940C /* advertiser-sdk-sandbox-dynamicTests.xctest */;
			productType = "com.apple.product-type.bundle.unit-test";
		};
/* End PBXNativeTarget section */

/* Begin PBXProject section */
		25783E9B1B5D336F004F940C /* Project object */ = {
			isa = PBXProject;
			attributes = {
				LastUpgradeCheck = 0630;
				ORGANIZATIONNAME = Criteo;
				TargetAttributes = {
					2567E5F71B5FFC58007589BB = {
						TestTargetID = 2567E5E51B5FFB60007589BB;
					};
					25783EA21B5D336F004F940C = {
						CreatedOnToolsVersion = 6.3.2;
					};
					25783EBB1B5D336F004F940C = {
						CreatedOnToolsVersion = 6.3.2;
						TestTargetID = 25783EA21B5D336F004F940C;
					};
				};
			};
			buildConfigurationList = 25783E9E1B5D336F004F940C /* Build configuration list for PBXProject "advertiser-sdk-sandbox" */;
			compatibilityVersion = "Xcode 3.2";
			developmentRegion = English;
			hasScannedForEncodings = 0;
			knownRegions = (
				en,
				Base,
			);
			mainGroup = 25783E9A1B5D336F004F940C;
			productRefGroup = 25783EA41B5D336F004F940C /* Products */;
			projectDirPath = "";
			projectRoot = "";
			targets = (
				25783EA21B5D336F004F940C /* advertiser-sdk-sandbox-dynamic */,
				25783EBB1B5D336F004F940C /* advertiser-sdk-sandbox-dynamicTests */,
				2567E5E51B5FFB60007589BB /* advertiser-sdk-sandbox-static */,
				2567E5F71B5FFC58007589BB /* advertiser-sdk-sandbox-staticTests */,
			);
		};
/* End PBXProject section */

/* Begin PBXResourcesBuildPhase section */
		2567E5EE1B5FFB60007589BB /* Resources */ = {
			isa = PBXResourcesBuildPhase;
			buildActionMask = 2147483647;
			files = (
				2567E5EF1B5FFB60007589BB /* Main.storyboard in Resources */,
				2567E5F01B5FFB60007589BB /* LaunchScreen.xib in Resources */,
				2567E5F11B5FFB60007589BB /* Images.xcassets in Resources */,
			);
			runOnlyForDeploymentPostprocessing = 0;
		};
		2567E5FD1B5FFC58007589BB /* Resources */ = {
			isa = PBXResourcesBuildPhase;
			buildActionMask = 2147483647;
			files = (
			);
			runOnlyForDeploymentPostprocessing = 0;
		};
		25783EA11B5D336F004F940C /* Resources */ = {
			isa = PBXResourcesBuildPhase;
			buildActionMask = 2147483647;
			files = (
				25783EB21B5D336F004F940C /* Main.storyboard in Resources */,
				25783EB71B5D336F004F940C /* LaunchScreen.xib in Resources */,
				25783EB41B5D336F004F940C /* Images.xcassets in Resources */,
			);
			runOnlyForDeploymentPostprocessing = 0;
		};
		25783EBA1B5D336F004F940C /* Resources */ = {
			isa = PBXResourcesBuildPhase;
			buildActionMask = 2147483647;
			files = (
			);
			runOnlyForDeploymentPostprocessing = 0;
		};
/* End PBXResourcesBuildPhase section */

/* Begin PBXSourcesBuildPhase section */
		2567E5E61B5FFB60007589BB /* Sources */ = {
			isa = PBXSourcesBuildPhase;
			buildActionMask = 2147483647;
			files = (
				2567E5E71B5FFB60007589BB /* ViewController.m in Sources */,
				2567E5E81B5FFB60007589BB /* AppDelegate.m in Sources */,
				2567E5E91B5FFB60007589BB /* WidgetService.m in Sources */,
				2567E5EA1B5FFB60007589BB /* UserDataService.m in Sources */,
				2567E5EB1B5FFB60007589BB /* main.m in Sources */,
				256CE15E1B610AE30079495A /* EventSender.m in Sources */,
				255EC30A1B7105AE0045D647 /* AdvertisingId.m in Sources */,
			);
			runOnlyForDeploymentPostprocessing = 0;
		};
		2567E5FA1B5FFC58007589BB /* Sources */ = {
			isa = PBXSourcesBuildPhase;
			buildActionMask = 2147483647;
			files = (
				2567E5FB1B5FFC58007589BB /* advertiser_sdk_sandboxTests.m in Sources */,
			);
			runOnlyForDeploymentPostprocessing = 0;
		};
		25783E9F1B5D336F004F940C /* Sources */ = {
			isa = PBXSourcesBuildPhase;
			buildActionMask = 2147483647;
			files = (
				25783EAF1B5D336F004F940C /* ViewController.m in Sources */,
				25783EAC1B5D336F004F940C /* AppDelegate.m in Sources */,
				25C14D6F1B5FC81600447514 /* WidgetService.m in Sources */,
				25C14D6A1B5FC0F400447514 /* UserDataService.m in Sources */,
				25783EA91B5D336F004F940C /* main.m in Sources */,
				256CE15D1B610AE30079495A /* EventSender.m in Sources */,
				255EC3091B7105AD0045D647 /* AdvertisingId.m in Sources */,
			);
			runOnlyForDeploymentPostprocessing = 0;
		};
		25783EB81B5D336F004F940C /* Sources */ = {
			isa = PBXSourcesBuildPhase;
			buildActionMask = 2147483647;
			files = (
				25783EC31B5D336F004F940C /* advertiser_sdk_sandboxTests.m in Sources */,
			);
			runOnlyForDeploymentPostprocessing = 0;
		};
/* End PBXSourcesBuildPhase section */

/* Begin PBXTargetDependency section */
		2567E6041B5FFC81007589BB /* PBXTargetDependency */ = {
			isa = PBXTargetDependency;
			target = 2567E5E51B5FFB60007589BB /* advertiser-sdk-sandbox-static */;
			targetProxy = 2567E6031B5FFC81007589BB /* PBXContainerItemProxy */;
		};
		25783EBE1B5D336F004F940C /* PBXTargetDependency */ = {
			isa = PBXTargetDependency;
			target = 25783EA21B5D336F004F940C /* advertiser-sdk-sandbox-dynamic */;
			targetProxy = 25783EBD1B5D336F004F940C /* PBXContainerItemProxy */;
		};
/* End PBXTargetDependency section */

/* Begin PBXVariantGroup section */
		25783EB01B5D336F004F940C /* Main.storyboard */ = {
			isa = PBXVariantGroup;
			children = (
				25783EB11B5D336F004F940C /* Base */,
			);
			name = Main.storyboard;
			sourceTree = "<group>";
		};
		25783EB51B5D336F004F940C /* LaunchScreen.xib */ = {
			isa = PBXVariantGroup;
			children = (
				25783EB61B5D336F004F940C /* Base */,
			);
			name = LaunchScreen.xib;
			sourceTree = "<group>";
		};
/* End PBXVariantGroup section */

/* Begin XCBuildConfiguration section */
		2567E5F31B5FFB60007589BB /* Debug */ = {
			isa = XCBuildConfiguration;
			buildSettings = {
				ASSETCATALOG_COMPILER_APPICON_NAME = AppIcon;
				ASSETCATALOG_COMPILER_LAUNCHIMAGE_NAME = LaunchImage;
				FRAMEWORK_SEARCH_PATHS = (
					"$(inherited)",
					"$(PROJECT_DIR)/advertiser-framework-static",
				);
				INFOPLIST_FILE = "advertiser-sdk-sandbox/Info.plist";
				LD_RUNPATH_SEARCH_PATHS = "$(inherited) @executable_path/Frameworks";
				PRODUCT_NAME = "advertiser-sdk-sandbox-static";
			};
			name = Debug;
		};
		2567E5F41B5FFB60007589BB /* Release */ = {
			isa = XCBuildConfiguration;
			buildSettings = {
				ASSETCATALOG_COMPILER_APPICON_NAME = AppIcon;
				ASSETCATALOG_COMPILER_LAUNCHIMAGE_NAME = LaunchImage;
				FRAMEWORK_SEARCH_PATHS = (
					"$(inherited)",
					"$(PROJECT_DIR)/advertiser-framework-static",
				);
				INFOPLIST_FILE = "advertiser-sdk-sandbox/Info.plist";
				LD_RUNPATH_SEARCH_PATHS = "$(inherited) @executable_path/Frameworks";
				PRODUCT_NAME = "advertiser-sdk-sandbox-static";
			};
			name = Release;
		};
		2567E5FF1B5FFC58007589BB /* Debug */ = {
			isa = XCBuildConfiguration;
			buildSettings = {
				BUNDLE_LOADER = "$(TEST_HOST)";
				FRAMEWORK_SEARCH_PATHS = (
					"$(SDKROOT)/Developer/Library/Frameworks",
					"$(inherited)",
				);
				GCC_PREPROCESSOR_DEFINITIONS = (
					"DEBUG=1",
					"$(inherited)",
				);
				INFOPLIST_FILE = "advertiser-sdk-sandboxTests/Info.plist";
				LD_RUNPATH_SEARCH_PATHS = "$(inherited) @executable_path/Frameworks @loader_path/Frameworks";
				PRODUCT_NAME = "advertiser-sdk-sandbox-staticTests";
				TEST_HOST = "$(BUILT_PRODUCTS_DIR)/advertiser-sdk-sandbox-static.app/advertiser-sdk-sandbox-static";
			};
			name = Debug;
		};
		2567E6001B5FFC58007589BB /* Release */ = {
			isa = XCBuildConfiguration;
			buildSettings = {
				BUNDLE_LOADER = "$(TEST_HOST)";
				FRAMEWORK_SEARCH_PATHS = (
					"$(SDKROOT)/Developer/Library/Frameworks",
					"$(inherited)",
				);
				INFOPLIST_FILE = "advertiser-sdk-sandboxTests/Info.plist";
				LD_RUNPATH_SEARCH_PATHS = "$(inherited) @executable_path/Frameworks @loader_path/Frameworks";
				PRODUCT_NAME = "advertiser-sdk-sandbox-staticTests";
				TEST_HOST = "$(BUILT_PRODUCTS_DIR)/advertiser-sdk-sandbox-static.app/advertiser-sdk-sandbox-static";
			};
			name = Release;
		};
		25783EC41B5D336F004F940C /* Debug */ = {
			isa = XCBuildConfiguration;
			buildSettings = {
				ALWAYS_SEARCH_USER_PATHS = NO;
				CLANG_CXX_LANGUAGE_STANDARD = "gnu++0x";
				CLANG_CXX_LIBRARY = "libc++";
				CLANG_ENABLE_MODULES = YES;
				CLANG_ENABLE_OBJC_ARC = YES;
				CLANG_WARN_BOOL_CONVERSION = YES;
				CLANG_WARN_CONSTANT_CONVERSION = YES;
				CLANG_WARN_DIRECT_OBJC_ISA_USAGE = YES_ERROR;
				CLANG_WARN_EMPTY_BODY = YES;
				CLANG_WARN_ENUM_CONVERSION = YES;
				CLANG_WARN_INT_CONVERSION = YES;
				CLANG_WARN_OBJC_ROOT_CLASS = YES_ERROR;
				CLANG_WARN_UNREACHABLE_CODE = YES;
				CLANG_WARN__DUPLICATE_METHOD_MATCH = YES;
				"CODE_SIGN_IDENTITY[sdk=iphoneos*]" = "iPhone Developer";
				COPY_PHASE_STRIP = NO;
				DEBUG_INFORMATION_FORMAT = "dwarf-with-dsym";
				ENABLE_STRICT_OBJC_MSGSEND = YES;
				GCC_C_LANGUAGE_STANDARD = gnu99;
				GCC_DYNAMIC_NO_PIC = NO;
				GCC_NO_COMMON_BLOCKS = YES;
				GCC_OPTIMIZATION_LEVEL = 0;
				GCC_PREPROCESSOR_DEFINITIONS = (
					"DEBUG=1",
					"$(inherited)",
				);
				GCC_SYMBOLS_PRIVATE_EXTERN = NO;
				GCC_WARN_64_TO_32_BIT_CONVERSION = YES;
				GCC_WARN_ABOUT_RETURN_TYPE = YES_ERROR;
				GCC_WARN_UNDECLARED_SELECTOR = YES;
				GCC_WARN_UNINITIALIZED_AUTOS = YES_AGGRESSIVE;
				GCC_WARN_UNUSED_FUNCTION = YES;
				GCC_WARN_UNUSED_VARIABLE = YES;
				IPHONEOS_DEPLOYMENT_TARGET = 6.0;
				MTL_ENABLE_DEBUG_INFO = YES;
				ONLY_ACTIVE_ARCH = YES;
				SDKROOT = iphoneos;
				TARGETED_DEVICE_FAMILY = "1,2";
			};
			name = Debug;
		};
		25783EC51B5D336F004F940C /* Release */ = {
			isa = XCBuildConfiguration;
			buildSettings = {
				ALWAYS_SEARCH_USER_PATHS = NO;
				CLANG_CXX_LANGUAGE_STANDARD = "gnu++0x";
				CLANG_CXX_LIBRARY = "libc++";
				CLANG_ENABLE_MODULES = YES;
				CLANG_ENABLE_OBJC_ARC = YES;
				CLANG_WARN_BOOL_CONVERSION = YES;
				CLANG_WARN_CONSTANT_CONVERSION = YES;
				CLANG_WARN_DIRECT_OBJC_ISA_USAGE = YES_ERROR;
				CLANG_WARN_EMPTY_BODY = YES;
				CLANG_WARN_ENUM_CONVERSION = YES;
				CLANG_WARN_INT_CONVERSION = YES;
				CLANG_WARN_OBJC_ROOT_CLASS = YES_ERROR;
				CLANG_WARN_UNREACHABLE_CODE = YES;
				CLANG_WARN__DUPLICATE_METHOD_MATCH = YES;
				"CODE_SIGN_IDENTITY[sdk=iphoneos*]" = "iPhone Developer";
				COPY_PHASE_STRIP = NO;
				DEBUG_INFORMATION_FORMAT = "dwarf-with-dsym";
				ENABLE_NS_ASSERTIONS = NO;
				ENABLE_STRICT_OBJC_MSGSEND = YES;
				GCC_C_LANGUAGE_STANDARD = gnu99;
				GCC_NO_COMMON_BLOCKS = YES;
				GCC_WARN_64_TO_32_BIT_CONVERSION = YES;
				GCC_WARN_ABOUT_RETURN_TYPE = YES_ERROR;
				GCC_WARN_UNDECLARED_SELECTOR = YES;
				GCC_WARN_UNINITIALIZED_AUTOS = YES_AGGRESSIVE;
				GCC_WARN_UNUSED_FUNCTION = YES;
				GCC_WARN_UNUSED_VARIABLE = YES;
				IPHONEOS_DEPLOYMENT_TARGET = 6.0;
				MTL_ENABLE_DEBUG_INFO = NO;
				SDKROOT = iphoneos;
				TARGETED_DEVICE_FAMILY = "1,2";
				VALIDATE_PRODUCT = YES;
			};
			name = Release;
		};
		25783EC71B5D336F004F940C /* Debug */ = {
			isa = XCBuildConfiguration;
			buildSettings = {
				ASSETCATALOG_COMPILER_APPICON_NAME = AppIcon;
				ASSETCATALOG_COMPILER_LAUNCHIMAGE_NAME = LaunchImage;
				FRAMEWORK_SEARCH_PATHS = (
					"$(inherited)",
					"$(PROJECT_DIR)/advertiser-framework-dynamic",
				);
				INFOPLIST_FILE = "advertiser-sdk-sandbox/Info.plist";
				IPHONEOS_DEPLOYMENT_TARGET = 8.0;
				LD_RUNPATH_SEARCH_PATHS = "$(inherited) @executable_path/Frameworks";
				PRODUCT_NAME = "$(TARGET_NAME)";
			};
			name = Debug;
		};
		25783EC81B5D336F004F940C /* Release */ = {
			isa = XCBuildConfiguration;
			buildSettings = {
				ASSETCATALOG_COMPILER_APPICON_NAME = AppIcon;
				ASSETCATALOG_COMPILER_LAUNCHIMAGE_NAME = LaunchImage;
				FRAMEWORK_SEARCH_PATHS = (
					"$(inherited)",
					"$(PROJECT_DIR)/advertiser-framework-dynamic",
				);
				INFOPLIST_FILE = "advertiser-sdk-sandbox/Info.plist";
				IPHONEOS_DEPLOYMENT_TARGET = 8.0;
				LD_RUNPATH_SEARCH_PATHS = "$(inherited) @executable_path/Frameworks";
				PRODUCT_NAME = "$(TARGET_NAME)";
			};
			name = Release;
		};
		25783ECA1B5D336F004F940C /* Debug */ = {
			isa = XCBuildConfiguration;
			buildSettings = {
				BUNDLE_LOADER = "$(TEST_HOST)";
				FRAMEWORK_SEARCH_PATHS = (
					"$(SDKROOT)/Developer/Library/Frameworks",
					"$(inherited)",
				);
				GCC_PREPROCESSOR_DEFINITIONS = (
					"DEBUG=1",
					"$(inherited)",
				);
				INFOPLIST_FILE = "advertiser-sdk-sandboxTests/Info.plist";
				IPHONEOS_DEPLOYMENT_TARGET = 8.0;
				LD_RUNPATH_SEARCH_PATHS = "$(inherited) @executable_path/Frameworks @loader_path/Frameworks";
				PRODUCT_NAME = "$(TARGET_NAME)";
				TEST_HOST = "$(BUILT_PRODUCTS_DIR)/advertiser-sdk-sandbox-dynamic.app/advertiser-sdk-sandbox-dynamic";
			};
			name = Debug;
		};
		25783ECB1B5D336F004F940C /* Release */ = {
			isa = XCBuildConfiguration;
			buildSettings = {
				BUNDLE_LOADER = "$(TEST_HOST)";
				FRAMEWORK_SEARCH_PATHS = (
					"$(SDKROOT)/Developer/Library/Frameworks",
					"$(inherited)",
				);
				INFOPLIST_FILE = "advertiser-sdk-sandboxTests/Info.plist";
				IPHONEOS_DEPLOYMENT_TARGET = 8.0;
				LD_RUNPATH_SEARCH_PATHS = "$(inherited) @executable_path/Frameworks @loader_path/Frameworks";
				PRODUCT_NAME = "$(TARGET_NAME)";
				TEST_HOST = "$(BUILT_PRODUCTS_DIR)/advertiser-sdk-sandbox-dynamic.app/advertiser-sdk-sandbox-dynamic";
			};
			name = Release;
		};
/* End XCBuildConfiguration section */

/* Begin XCConfigurationList section */
		2567E5F21B5FFB60007589BB /* Build configuration list for PBXNativeTarget "advertiser-sdk-sandbox-static" */ = {
			isa = XCConfigurationList;
			buildConfigurations = (
				2567E5F31B5FFB60007589BB /* Debug */,
				2567E5F41B5FFB60007589BB /* Release */,
			);
			defaultConfigurationIsVisible = 0;
			defaultConfigurationName = Release;
		};
		2567E5FE1B5FFC58007589BB /* Build configuration list for PBXNativeTarget "advertiser-sdk-sandbox-staticTests" */ = {
			isa = XCConfigurationList;
			buildConfigurations = (
				2567E5FF1B5FFC58007589BB /* Debug */,
				2567E6001B5FFC58007589BB /* Release */,
			);
			defaultConfigurationIsVisible = 0;
			defaultConfigurationName = Release;
		};
		25783E9E1B5D336F004F940C /* Build configuration list for PBXProject "advertiser-sdk-sandbox" */ = {
			isa = XCConfigurationList;
			buildConfigurations = (
				25783EC41B5D336F004F940C /* Debug */,
				25783EC51B5D336F004F940C /* Release */,
			);
			defaultConfigurationIsVisible = 0;
			defaultConfigurationName = Release;
		};
		25783EC61B5D336F004F940C /* Build configuration list for PBXNativeTarget "advertiser-sdk-sandbox-dynamic" */ = {
			isa = XCConfigurationList;
			buildConfigurations = (
				25783EC71B5D336F004F940C /* Debug */,
				25783EC81B5D336F004F940C /* Release */,
			);
			defaultConfigurationIsVisible = 0;
			defaultConfigurationName = Release;
		};
		25783EC91B5D336F004F940C /* Build configuration list for PBXNativeTarget "advertiser-sdk-sandbox-dynamicTests" */ = {
			isa = XCConfigurationList;
			buildConfigurations = (
				25783ECA1B5D336F004F940C /* Debug */,
				25783ECB1B5D336F004F940C /* Release */,
			);
			defaultConfigurationIsVisible = 0;
			defaultConfigurationName = Release;
		};
/* End XCConfigurationList section */
	};
	rootObject = 25783E9B1B5D336F004F940C /* Project object */;
}
